// !$*UTF8*$!
{
	archiveVersion = 1;
	classes = {
	};
	objectVersion = 54;
	objects = {

/* Begin PBXAggregateTarget section */
		34B196548A984D30BF01E1F5 /* ZERO_CHECK */ = {
			isa = PBXAggregateTarget;
			buildConfigurationList = 1C12CC88CF92489F8B2D01D2 /* Build configuration list for PBXAggregateTarget "ZERO_CHECK" */;
			buildPhases = (
				DE08BF31004A88C8D4F017AB /* Generate CMakeFiles/ZERO_CHECK */,
			);
			dependencies = (
			);
			name = ZERO_CHECK;
			productName = ZERO_CHECK;
		};
		EE9CE6BBDF3B4ECBB4C7A274 /* ALL_BUILD */ = {
			isa = PBXAggregateTarget;
			buildConfigurationList = 25B3BDFB2F0D4CBFAFBB23D7 /* Build configuration list for PBXAggregateTarget "ALL_BUILD" */;
			buildPhases = (
				289154B91CD66D04E7F7B06E /* Generate CMakeFiles/ALL_BUILD */,
			);
			dependencies = (
				C50B373E3FF14C4B94FCEA64 /* PBXTargetDependency */,
				A94FB75E16134C61B95023BA /* PBXTargetDependency */,
			);
			name = ALL_BUILD;
			productName = ALL_BUILD;
		};
/* End PBXAggregateTarget section */

/* Begin PBXBuildFile section */
		E0EE6B392874445500E7E1BF /* VertexLayout.cpp in Sources */ = {isa = PBXBuildFile; fileRef = E0EE6B382874445500E7E1BF /* VertexLayout.cpp */; };
		EAB2C4D1A108495D9338325B /* main.cpp in Sources */ = {isa = PBXBuildFile; fileRef = A0C6A8313F744D03927A2126 /* main.cpp */; };
/* End PBXBuildFile section */

/* Begin PBXContainerItemProxy section */
		3C2DCC96E3514B73B6486DF3 /* PBXContainerItemProxy */ = {
			isa = PBXContainerItemProxy;
			containerPortal = 76B18F86782142B6A5C391DB /* Project object */;
			proxyType = 1;
			remoteGlobalIDString = 34B196548A984D30BF01E1F5;
			remoteInfo = ZERO_CHECK;
		};
		63643936CDEB42A6934D0A2A /* PBXContainerItemProxy */ = {
			isa = PBXContainerItemProxy;
			containerPortal = 76B18F86782142B6A5C391DB /* Project object */;
			proxyType = 1;
			remoteGlobalIDString = 34B196548A984D30BF01E1F5;
			remoteInfo = ZERO_CHECK;
		};
		6C377B81ED28438CAAB5CE86 /* PBXContainerItemProxy */ = {
			isa = PBXContainerItemProxy;
			containerPortal = 76B18F86782142B6A5C391DB /* Project object */;
			proxyType = 1;
			remoteGlobalIDString = 4659F3A1C8AA4F0D902442AF;
			remoteInfo = TutorialApp;
		};
/* End PBXContainerItemProxy section */

/* Begin PBXFileReference section */
		0E0CF77CF7F84B2F901E13D3 /* CMakeLists.txt */ = {isa = PBXFileReference; explicitFileType = sourcecode.text; fileEncoding = 4; lastKnownFileType = text; path = CMakeLists.txt; sourceTree = SOURCE_ROOT; };
		46D170ECA6F04ADD957539E9 /* CMakeLists.txt */ = {isa = PBXFileReference; explicitFileType = sourcecode.text; fileEncoding = 4; lastKnownFileType = text; path = CMakeLists.txt; sourceTree = SOURCE_ROOT; };
		8854462F654F459695517D2F /* TutorialApp */ = {isa = PBXFileReference; explicitFileType = "compiled.mach-o.executable"; path = TutorialApp; sourceTree = BUILT_PRODUCTS_DIR; };
		A0C6A8313F744D03927A2126 /* main.cpp */ = {isa = PBXFileReference; explicitFileType = sourcecode.cpp.cpp; fileEncoding = 4; name = main.cpp; path = src/main.cpp; sourceTree = SOURCE_ROOT; };
		E0EE6B372874445500E7E1BF /* VertexLayout.h */ = {isa = PBXFileReference; fileEncoding = 4; lastKnownFileType = sourcecode.c.h; name = VertexLayout.h; path = src/VertexLayout.h; sourceTree = "<group>"; };
		E0EE6B382874445500E7E1BF /* VertexLayout.cpp */ = {isa = PBXFileReference; fileEncoding = 4; lastKnownFileType = sourcecode.cpp.cpp; name = VertexLayout.cpp; path = src/VertexLayout.cpp; sourceTree = "<group>"; };
/* End PBXFileReference section */

/* Begin PBXFrameworksBuildPhase section */
		97579CE29A224AB8A8E31627 /* Frameworks */ = {
			isa = PBXFrameworksBuildPhase;
			buildActionMask = 2147483647;
			files = (
			);
			runOnlyForDeploymentPostprocessing = 0;
		};
/* End PBXFrameworksBuildPhase section */

/* Begin PBXGroup section */
		4D7420C763E5480488049CAA /* Source Files */ = {
			isa = PBXGroup;
			children = (
				E0EE6B382874445500E7E1BF /* VertexLayout.cpp */,
				E0EE6B372874445500E7E1BF /* VertexLayout.h */,
				A0C6A8313F744D03927A2126 /* main.cpp */,
			);
			name = "Source Files";
			sourceTree = "<group>";
		};
		9BD3A635FFB145678884F37B /* TutorialApp */ = {
			isa = PBXGroup;
			children = (
				4D7420C763E5480488049CAA /* Source Files */,
				0E0CF77CF7F84B2F901E13D3 /* CMakeLists.txt */,
			);
			name = TutorialApp;
			sourceTree = "<group>";
		};
		A1860259BE1647E99716D18D /* Frameworks */ = {
			isa = PBXGroup;
			children = (
			);
			name = Frameworks;
			sourceTree = "<group>";
		};
		AD3229F9B81648CFB8BE711D /* CMake Rules */ = {
			isa = PBXGroup;
			children = (
			);
			name = "CMake Rules";
			sourceTree = "<group>";
		};
		AF90ECC57B3748359A3FF806 /* Products */ = {
			isa = PBXGroup;
			children = (
				8854462F654F459695517D2F /* TutorialApp */,
			);
			name = Products;
			sourceTree = "<group>";
		};
		D99199E6AC404DC9A81D512E = {
			isa = PBXGroup;
			children = (
				9BD3A635FFB145678884F37B /* TutorialApp */,
				F55A76225D7F4B48BA4208CD /* ALL_BUILD */,
				AF90ECC57B3748359A3FF806 /* Products */,
				A1860259BE1647E99716D18D /* Frameworks */,
			);
			sourceTree = "<group>";
		};
		F55A76225D7F4B48BA4208CD /* ALL_BUILD */ = {
			isa = PBXGroup;
			children = (
				AD3229F9B81648CFB8BE711D /* CMake Rules */,
				46D170ECA6F04ADD957539E9 /* CMakeLists.txt */,
			);
			name = ALL_BUILD;
			sourceTree = "<group>";
		};
/* End PBXGroup section */

/* Begin PBXNativeTarget section */
		4659F3A1C8AA4F0D902442AF /* TutorialApp */ = {
			isa = PBXNativeTarget;
			buildConfigurationList = C3E76795809140F1863E4D25 /* Build configuration list for PBXNativeTarget "TutorialApp" */;
			buildPhases = (
				B518A2C5703445D183D40684 /* Sources */,
				97579CE29A224AB8A8E31627 /* Frameworks */,
			);
			buildRules = (
			);
			dependencies = (
				73676C3B9F3042988F285B8F /* PBXTargetDependency */,
			);
			name = TutorialApp;
			productName = TutorialApp;
			productReference = 8854462F654F459695517D2F /* TutorialApp */;
			productType = "com.apple.product-type.tool";
		};
/* End PBXNativeTarget section */

/* Begin PBXProject section */
		76B18F86782142B6A5C391DB /* Project object */ = {
			isa = PBXProject;
			attributes = {
				LastUpgradeCheck = 1340;
			};
			buildConfigurationList = 47A5A0FF09304ACE85B8031F /* Build configuration list for PBXProject "TutorialApp" */;
			compatibilityVersion = "Xcode 3.2";
			developmentRegion = en;
			hasScannedForEncodings = 0;
			knownRegions = (
				en,
				Base,
			);
			mainGroup = D99199E6AC404DC9A81D512E;
			projectDirPath = "";
			projectRoot = "";
			targets = (
				EE9CE6BBDF3B4ECBB4C7A274 /* ALL_BUILD */,
				4659F3A1C8AA4F0D902442AF /* TutorialApp */,
				34B196548A984D30BF01E1F5 /* ZERO_CHECK */,
			);
		};
/* End PBXProject section */

/* Begin PBXShellScriptBuildPhase section */
		289154B91CD66D04E7F7B06E /* Generate CMakeFiles/ALL_BUILD */ = {
			isa = PBXShellScriptBuildPhase;
			alwaysOutOfDate = 1;
			buildActionMask = 2147483647;
			files = (
			);
			inputPaths = (
			);
			name = "Generate CMakeFiles/ALL_BUILD";
			outputPaths = (
				/Users/danm3/opengl/cmake/CMakeFiles/ALL_BUILD,
			);
			runOnlyForDeploymentPostprocessing = 0;
			shellPath = /bin/sh;
			shellScript = "set -e\nif test \"$CONFIGURATION\" = \"Debug\"; then :\n  cd /Users/danm3/opengl/cmake\n  echo Build\\ all\\ projects\nfi\nif test \"$CONFIGURATION\" = \"Release\"; then :\n  cd /Users/danm3/opengl/cmake\n  echo Build\\ all\\ projects\nfi\nif test \"$CONFIGURATION\" = \"MinSizeRel\"; then :\n  cd /Users/danm3/opengl/cmake\n  echo Build\\ all\\ projects\nfi\nif test \"$CONFIGURATION\" = \"RelWithDebInfo\"; then :\n  cd /Users/danm3/opengl/cmake\n  echo Build\\ all\\ projects\nfi\n";
			showEnvVarsInLog = 0;
		};
		DE08BF31004A88C8D4F017AB /* Generate CMakeFiles/ZERO_CHECK */ = {
			isa = PBXShellScriptBuildPhase;
			alwaysOutOfDate = 1;
			buildActionMask = 2147483647;
			files = (
			);
			inputPaths = (
			);
			name = "Generate CMakeFiles/ZERO_CHECK";
			outputPaths = (
				/Users/danm3/opengl/cmake/CMakeFiles/ZERO_CHECK,
			);
			runOnlyForDeploymentPostprocessing = 0;
			shellPath = /bin/sh;
			shellScript = "set -e\nif test \"$CONFIGURATION\" = \"Debug\"; then :\n  cd /Users/danm3/opengl/cmake\n  make -f /Users/danm3/opengl/cmake/CMakeScripts/ReRunCMake.make\nfi\nif test \"$CONFIGURATION\" = \"Release\"; then :\n  cd /Users/danm3/opengl/cmake\n  make -f /Users/danm3/opengl/cmake/CMakeScripts/ReRunCMake.make\nfi\nif test \"$CONFIGURATION\" = \"MinSizeRel\"; then :\n  cd /Users/danm3/opengl/cmake\n  make -f /Users/danm3/opengl/cmake/CMakeScripts/ReRunCMake.make\nfi\nif test \"$CONFIGURATION\" = \"RelWithDebInfo\"; then :\n  cd /Users/danm3/opengl/cmake\n  make -f /Users/danm3/opengl/cmake/CMakeScripts/ReRunCMake.make\nfi\n";
			showEnvVarsInLog = 0;
		};
/* End PBXShellScriptBuildPhase section */

/* Begin PBXSourcesBuildPhase section */
		B518A2C5703445D183D40684 /* Sources */ = {
			isa = PBXSourcesBuildPhase;
			buildActionMask = 2147483647;
			files = (
				EAB2C4D1A108495D9338325B /* main.cpp in Sources */,
				E0EE6B392874445500E7E1BF /* VertexLayout.cpp in Sources */,
			);
			runOnlyForDeploymentPostprocessing = 0;
		};
/* End PBXSourcesBuildPhase section */

/* Begin PBXTargetDependency section */
		73676C3B9F3042988F285B8F /* PBXTargetDependency */ = {
			isa = PBXTargetDependency;
			target = 34B196548A984D30BF01E1F5 /* ZERO_CHECK */;
			targetProxy = 3C2DCC96E3514B73B6486DF3 /* PBXContainerItemProxy */;
		};
		A94FB75E16134C61B95023BA /* PBXTargetDependency */ = {
			isa = PBXTargetDependency;
			target = 34B196548A984D30BF01E1F5 /* ZERO_CHECK */;
			targetProxy = 63643936CDEB42A6934D0A2A /* PBXContainerItemProxy */;
		};
		C50B373E3FF14C4B94FCEA64 /* PBXTargetDependency */ = {
			isa = PBXTargetDependency;
			target = 4659F3A1C8AA4F0D902442AF /* TutorialApp */;
			targetProxy = 6C377B81ED28438CAAB5CE86 /* PBXContainerItemProxy */;
		};
/* End PBXTargetDependency section */

/* Begin XCBuildConfiguration section */
		066CC7831FBC40838B224029 /* Debug */ = {
			isa = XCBuildConfiguration;
			buildSettings = {
				ARCHS = "$(NATIVE_ARCH_ACTUAL)";
				ONLY_ACTIVE_ARCH = YES;
				SDKROOT = /Applications/Xcode.app/Contents/Developer/Platforms/MacOSX.platform/Developer/SDKs/MacOSX12.3.sdk;
				SYMROOT = /Users/danm3/opengl/cmake/build;
			};
			name = Debug;
		};
		06A29388F42346FF940AC59D /* MinSizeRel */ = {
			isa = XCBuildConfiguration;
			buildSettings = {
				COMBINE_HIDPI_IMAGES = YES;
				EXECUTABLE_PREFIX = "";
				EXECUTABLE_SUFFIX = "";
				GCC_GENERATE_DEBUGGING_SYMBOLS = NO;
				GCC_INLINES_ARE_PRIVATE_EXTERN = NO;
				GCC_OPTIMIZATION_LEVEL = s;
				GCC_PREPROCESSOR_DEFINITIONS = (
					"'CMAKE_INTDIR=\"$(CONFIGURATION)$(EFFECTIVE_PLATFORM_NAME)\"'",
					"$(inherited)",
				);
				GCC_SYMBOLS_PRIVATE_EXTERN = NO;
				HEADER_SEARCH_PATHS = (
					/usr/local/Cellar/glfw/3.3.7/include,
					"$(inherited)",
				);
				INSTALL_PATH = "";
				LD_RUNPATH_SEARCH_PATHS = (
					/usr/local/Cellar/glfw/3.3.7/lib,
					"$(inherited)",
				);
				LIBRARY_SEARCH_PATHS = (
					"/usr/local/Cellar/glfw/3.3.7/lib/$(CONFIGURATION)$(EFFECTIVE_PLATFORM_NAME)",
					/usr/local/Cellar/glfw/3.3.7/lib,
					"$(inherited)",
				);
				OTHER_CPLUSPLUSFLAGS = "    -DNDEBUG ";
				OTHER_LDFLAGS = (
					"-Wl,-search_paths_first",
					"-Wl,-headerpad_max_install_names",
					"-lglfw",
					"-framework",
					OpenGL,
					"-framework",
					OpenGL,
					"-framework",
					OpenGL,
					"$(inherited)",
				);
				OTHER_REZFLAGS = "";
				PRODUCT_NAME = TutorialApp;
				SECTORDER_FLAGS = "";
				SYMROOT = /Users/danm3/opengl/cmake;
				USE_HEADERMAP = NO;
				WARNING_CFLAGS = "$(inherited)";
			};
			name = MinSizeRel;
		};
		30BC64B24B7B4D35A50E4A01 /* Release */ = {
			isa = XCBuildConfiguration;
			buildSettings = {
				COMBINE_HIDPI_IMAGES = YES;
				GCC_GENERATE_DEBUGGING_SYMBOLS = YES;
				GCC_INLINES_ARE_PRIVATE_EXTERN = NO;
				GCC_OPTIMIZATION_LEVEL = 0;
				GCC_PREPROCESSOR_DEFINITIONS = (
					"'CMAKE_INTDIR=\"$(CONFIGURATION)$(EFFECTIVE_PLATFORM_NAME)\"'",
					"$(inherited)",
				);
				GCC_SYMBOLS_PRIVATE_EXTERN = NO;
				INSTALL_PATH = "";
				OTHER_LDFLAGS = " $(inherited)";
				OTHER_REZFLAGS = "";
				PRODUCT_NAME = ALL_BUILD;
				SECTORDER_FLAGS = "";
				SYMROOT = /Users/danm3/opengl/cmake;
				USE_HEADERMAP = NO;
				WARNING_CFLAGS = "$(inherited)";
			};
			name = Release;
		};
		35843135F32F4E80B8D19C32 /* Release */ = {
			isa = XCBuildConfiguration;
			buildSettings = {
				COMBINE_HIDPI_IMAGES = YES;
				EXECUTABLE_PREFIX = "";
				EXECUTABLE_SUFFIX = "";
				GCC_GENERATE_DEBUGGING_SYMBOLS = NO;
				GCC_INLINES_ARE_PRIVATE_EXTERN = NO;
				GCC_OPTIMIZATION_LEVEL = 3;
				GCC_PREPROCESSOR_DEFINITIONS = (
					"'CMAKE_INTDIR=\"$(CONFIGURATION)$(EFFECTIVE_PLATFORM_NAME)\"'",
					"$(inherited)",
				);
				GCC_SYMBOLS_PRIVATE_EXTERN = NO;
				HEADER_SEARCH_PATHS = (
					/usr/local/Cellar/glfw/3.3.7/include,
					"$(inherited)",
				);
				INSTALL_PATH = "";
				LD_RUNPATH_SEARCH_PATHS = (
					/usr/local/Cellar/glfw/3.3.7/lib,
					"$(inherited)",
				);
				LIBRARY_SEARCH_PATHS = (
					"/usr/local/Cellar/glfw/3.3.7/lib/$(CONFIGURATION)$(EFFECTIVE_PLATFORM_NAME)",
					/usr/local/Cellar/glfw/3.3.7/lib,
					"$(inherited)",
				);
				OTHER_CPLUSPLUSFLAGS = "    -DNDEBUG ";
				OTHER_LDFLAGS = (
					"-Wl,-search_paths_first",
					"-Wl,-headerpad_max_install_names",
					"-lglfw",
					"-framework",
					OpenGL,
					"-framework",
					OpenGL,
					"-framework",
					OpenGL,
					"$(inherited)",
				);
				OTHER_REZFLAGS = "";
				PRODUCT_NAME = TutorialApp;
				SECTORDER_FLAGS = "";
				SYMROOT = /Users/danm3/opengl/cmake;
				USE_HEADERMAP = NO;
				WARNING_CFLAGS = "$(inherited)";
			};
			name = Release;
		};
		643AD54CD6F944B4911CBC3C /* MinSizeRel */ = {
			isa = XCBuildConfiguration;
			buildSettings = {
				COMBINE_HIDPI_IMAGES = YES;
				GCC_GENERATE_DEBUGGING_SYMBOLS = YES;
				GCC_INLINES_ARE_PRIVATE_EXTERN = NO;
				GCC_OPTIMIZATION_LEVEL = 0;
				GCC_PREPROCESSOR_DEFINITIONS = (
					"'CMAKE_INTDIR=\"$(CONFIGURATION)$(EFFECTIVE_PLATFORM_NAME)\"'",
					"$(inherited)",
				);
				GCC_SYMBOLS_PRIVATE_EXTERN = NO;
				INSTALL_PATH = "";
				OTHER_LDFLAGS = " $(inherited)";
				OTHER_REZFLAGS = "";
				PRODUCT_NAME = ALL_BUILD;
				SECTORDER_FLAGS = "";
				SYMROOT = /Users/danm3/opengl/cmake;
				USE_HEADERMAP = NO;
				WARNING_CFLAGS = "$(inherited)";
			};
			name = MinSizeRel;
		};
		6D30C528D1154D5CBDE9411F /* MinSizeRel */ = {
			isa = XCBuildConfiguration;
			buildSettings = {
				COMBINE_HIDPI_IMAGES = YES;
				GCC_GENERATE_DEBUGGING_SYMBOLS = YES;
				GCC_INLINES_ARE_PRIVATE_EXTERN = NO;
				GCC_OPTIMIZATION_LEVEL = 0;
				GCC_PREPROCESSOR_DEFINITIONS = (
					"'CMAKE_INTDIR=\"$(CONFIGURATION)$(EFFECTIVE_PLATFORM_NAME)\"'",
					"$(inherited)",
				);
				GCC_SYMBOLS_PRIVATE_EXTERN = NO;
				INSTALL_PATH = "";
				OTHER_LDFLAGS = " $(inherited)";
				OTHER_REZFLAGS = "";
				PRODUCT_NAME = ZERO_CHECK;
				SECTORDER_FLAGS = "";
				SYMROOT = /Users/danm3/opengl/cmake;
				USE_HEADERMAP = NO;
				WARNING_CFLAGS = "$(inherited)";
			};
			name = MinSizeRel;
		};
		6F285454653E4446A6F10F6F /* RelWithDebInfo */ = {
			isa = XCBuildConfiguration;
			buildSettings = {
				ARCHS = "$(NATIVE_ARCH_ACTUAL)";
				ONLY_ACTIVE_ARCH = YES;
				SDKROOT = /Applications/Xcode.app/Contents/Developer/Platforms/MacOSX.platform/Developer/SDKs/MacOSX12.3.sdk;
				SYMROOT = /Users/danm3/opengl/cmake/build;
			};
			name = RelWithDebInfo;
		};
		89D079588B0E415EA30F6E8B /* Debug */ = {
			isa = XCBuildConfiguration;
			buildSettings = {
				COMBINE_HIDPI_IMAGES = YES;
				GCC_GENERATE_DEBUGGING_SYMBOLS = YES;
				GCC_INLINES_ARE_PRIVATE_EXTERN = NO;
				GCC_OPTIMIZATION_LEVEL = 0;
				GCC_PREPROCESSOR_DEFINITIONS = (
					"'CMAKE_INTDIR=\"$(CONFIGURATION)$(EFFECTIVE_PLATFORM_NAME)\"'",
					"$(inherited)",
				);
				GCC_SYMBOLS_PRIVATE_EXTERN = NO;
				INSTALL_PATH = "";
				OTHER_LDFLAGS = " $(inherited)";
				OTHER_REZFLAGS = "";
				PRODUCT_NAME = ALL_BUILD;
				SECTORDER_FLAGS = "";
				SYMROOT = /Users/danm3/opengl/cmake;
				USE_HEADERMAP = NO;
				WARNING_CFLAGS = "$(inherited)";
			};
			name = Debug;
		};
		9793766A13A3400F8E5E01DC /* Release */ = {
			isa = XCBuildConfiguration;
			buildSettings = {
				ARCHS = "$(NATIVE_ARCH_ACTUAL)";
				ONLY_ACTIVE_ARCH = YES;
				SDKROOT = /Applications/Xcode.app/Contents/Developer/Platforms/MacOSX.platform/Developer/SDKs/MacOSX12.3.sdk;
				SYMROOT = /Users/danm3/opengl/cmake/build;
			};
			name = Release;
		};
		A63FA0B709DC405DB681CE28 /* Release */ = {
			isa = XCBuildConfiguration;
			buildSettings = {
				COMBINE_HIDPI_IMAGES = YES;
				GCC_GENERATE_DEBUGGING_SYMBOLS = YES;
				GCC_INLINES_ARE_PRIVATE_EXTERN = NO;
				GCC_OPTIMIZATION_LEVEL = 0;
				GCC_PREPROCESSOR_DEFINITIONS = (
					"'CMAKE_INTDIR=\"$(CONFIGURATION)$(EFFECTIVE_PLATFORM_NAME)\"'",
					"$(inherited)",
				);
				GCC_SYMBOLS_PRIVATE_EXTERN = NO;
				INSTALL_PATH = "";
				OTHER_LDFLAGS = " $(inherited)";
				OTHER_REZFLAGS = "";
				PRODUCT_NAME = ZERO_CHECK;
				SECTORDER_FLAGS = "";
				SYMROOT = /Users/danm3/opengl/cmake;
				USE_HEADERMAP = NO;
				WARNING_CFLAGS = "$(inherited)";
			};
			name = Release;
		};
		B6CC24369D6945E59F864F71 /* RelWithDebInfo */ = {
			isa = XCBuildConfiguration;
			buildSettings = {
				COMBINE_HIDPI_IMAGES = YES;
				GCC_GENERATE_DEBUGGING_SYMBOLS = YES;
				GCC_INLINES_ARE_PRIVATE_EXTERN = NO;
				GCC_OPTIMIZATION_LEVEL = 0;
				GCC_PREPROCESSOR_DEFINITIONS = (
					"'CMAKE_INTDIR=\"$(CONFIGURATION)$(EFFECTIVE_PLATFORM_NAME)\"'",
					"$(inherited)",
				);
				GCC_SYMBOLS_PRIVATE_EXTERN = NO;
				INSTALL_PATH = "";
				OTHER_LDFLAGS = " $(inherited)";
				OTHER_REZFLAGS = "";
				PRODUCT_NAME = ZERO_CHECK;
				SECTORDER_FLAGS = "";
				SYMROOT = /Users/danm3/opengl/cmake;
				USE_HEADERMAP = NO;
				WARNING_CFLAGS = "$(inherited)";
			};
			name = RelWithDebInfo;
		};
		B86BF196928644C8A3E04D8E /* RelWithDebInfo */ = {
			isa = XCBuildConfiguration;
			buildSettings = {
				COMBINE_HIDPI_IMAGES = YES;
				GCC_GENERATE_DEBUGGING_SYMBOLS = YES;
				GCC_INLINES_ARE_PRIVATE_EXTERN = NO;
				GCC_OPTIMIZATION_LEVEL = 0;
				GCC_PREPROCESSOR_DEFINITIONS = (
					"'CMAKE_INTDIR=\"$(CONFIGURATION)$(EFFECTIVE_PLATFORM_NAME)\"'",
					"$(inherited)",
				);
				GCC_SYMBOLS_PRIVATE_EXTERN = NO;
				INSTALL_PATH = "";
				OTHER_LDFLAGS = " $(inherited)";
				OTHER_REZFLAGS = "";
				PRODUCT_NAME = ALL_BUILD;
				SECTORDER_FLAGS = "";
				SYMROOT = /Users/danm3/opengl/cmake;
				USE_HEADERMAP = NO;
				WARNING_CFLAGS = "$(inherited)";
			};
			name = RelWithDebInfo;
		};
		C5B8E16264E64587AF36BDC5 /* RelWithDebInfo */ = {
			isa = XCBuildConfiguration;
			buildSettings = {
				COMBINE_HIDPI_IMAGES = YES;
				EXECUTABLE_PREFIX = "";
				EXECUTABLE_SUFFIX = "";
				GCC_GENERATE_DEBUGGING_SYMBOLS = YES;
				GCC_INLINES_ARE_PRIVATE_EXTERN = NO;
				GCC_OPTIMIZATION_LEVEL = 2;
				GCC_PREPROCESSOR_DEFINITIONS = (
					"'CMAKE_INTDIR=\"$(CONFIGURATION)$(EFFECTIVE_PLATFORM_NAME)\"'",
					"$(inherited)",
				);
				GCC_SYMBOLS_PRIVATE_EXTERN = NO;
				HEADER_SEARCH_PATHS = (
					/usr/local/Cellar/glfw/3.3.7/include,
					"$(inherited)",
				);
				INSTALL_PATH = "";
				LD_RUNPATH_SEARCH_PATHS = (
					/usr/local/Cellar/glfw/3.3.7/lib,
					"$(inherited)",
				);
				LIBRARY_SEARCH_PATHS = (
					"/usr/local/Cellar/glfw/3.3.7/lib/$(CONFIGURATION)$(EFFECTIVE_PLATFORM_NAME)",
					/usr/local/Cellar/glfw/3.3.7/lib,
					"$(inherited)",
				);
				OTHER_CPLUSPLUSFLAGS = "       -DNDEBUG ";
				OTHER_LDFLAGS = (
					"-Wl,-search_paths_first",
					"-Wl,-headerpad_max_install_names",
					"-lglfw",
					"-framework",
					OpenGL,
					"-framework",
					OpenGL,
					"-framework",
					OpenGL,
					"$(inherited)",
				);
				OTHER_REZFLAGS = "";
				PRODUCT_NAME = TutorialApp;
				SECTORDER_FLAGS = "";
				SYMROOT = /Users/danm3/opengl/cmake;
				USE_HEADERMAP = NO;
				WARNING_CFLAGS = "$(inherited)";
			};
			name = RelWithDebInfo;
		};
		E1B37EB88D2848D9885EA3C4 /* Debug */ = {
			isa = XCBuildConfiguration;
			buildSettings = {
				COMBINE_HIDPI_IMAGES = YES;
				EXECUTABLE_PREFIX = "";
				EXECUTABLE_SUFFIX = "";
				GCC_GENERATE_DEBUGGING_SYMBOLS = YES;
				GCC_INLINES_ARE_PRIVATE_EXTERN = NO;
				GCC_OPTIMIZATION_LEVEL = 0;
				GCC_PREPROCESSOR_DEFINITIONS = (
					"'CMAKE_INTDIR=\"$(CONFIGURATION)$(EFFECTIVE_PLATFORM_NAME)\"'",
					"$(inherited)",
				);
				GCC_SYMBOLS_PRIVATE_EXTERN = NO;
				HEADER_SEARCH_PATHS = (
					/usr/local/Cellar/glfw/3.3.7/include,
					"$(inherited)",
				);
				INSTALL_PATH = "";
				LD_RUNPATH_SEARCH_PATHS = (
					/usr/local/Cellar/glfw/3.3.7/lib,
					"$(inherited)",
				);
				LIBRARY_SEARCH_PATHS = (
					"/usr/local/Cellar/glfw/3.3.7/lib/$(CONFIGURATION)$(EFFECTIVE_PLATFORM_NAME)",
					/usr/local/Cellar/glfw/3.3.7/lib,
					"$(inherited)",
				);
				OTHER_CPLUSPLUSFLAGS = "   ";
				OTHER_LDFLAGS = (
					"-Wl,-search_paths_first",
					"-Wl,-headerpad_max_install_names",
					"-lglfw",
					"-framework",
					OpenGL,
					"-framework",
					OpenGL,
					"-framework",
					OpenGL,
					"$(inherited)",
				);
				OTHER_REZFLAGS = "";
				PRODUCT_NAME = TutorialApp;
				SECTORDER_FLAGS = "";
				SYMROOT = /Users/danm3/opengl/cmake;
				USE_HEADERMAP = NO;
				WARNING_CFLAGS = "$(inherited)";
			};
			name = Debug;
		};
		F7F2CB4E454F40A0A2293CFB /* Debug */ = {
			isa = XCBuildConfiguration;
			buildSettings = {
				COMBINE_HIDPI_IMAGES = YES;
				GCC_GENERATE_DEBUGGING_SYMBOLS = YES;
				GCC_INLINES_ARE_PRIVATE_EXTERN = NO;
				GCC_OPTIMIZATION_LEVEL = 0;
				GCC_PREPROCESSOR_DEFINITIONS = (
					"'CMAKE_INTDIR=\"$(CONFIGURATION)$(EFFECTIVE_PLATFORM_NAME)\"'",
					"$(inherited)",
				);
				GCC_SYMBOLS_PRIVATE_EXTERN = NO;
				INSTALL_PATH = "";
				OTHER_LDFLAGS = " $(inherited)";
				OTHER_REZFLAGS = "";
				PRODUCT_NAME = ZERO_CHECK;
				SECTORDER_FLAGS = "";
				SYMROOT = /Users/danm3/opengl/cmake;
				USE_HEADERMAP = NO;
				WARNING_CFLAGS = "$(inherited)";
			};
			name = Debug;
		};
		F810461066004A4397E73EED /* MinSizeRel */ = {
			isa = XCBuildConfiguration;
			buildSettings = {
				ARCHS = "$(NATIVE_ARCH_ACTUAL)";
				ONLY_ACTIVE_ARCH = YES;
				SDKROOT = /Applications/Xcode.app/Contents/Developer/Platforms/MacOSX.platform/Developer/SDKs/MacOSX12.3.sdk;
				SYMROOT = /Users/danm3/opengl/cmake/build;
			};
			name = MinSizeRel;
		};
/* End XCBuildConfiguration section */

/* Begin XCConfigurationList section */
		1C12CC88CF92489F8B2D01D2 /* Build configuration list for PBXAggregateTarget "ZERO_CHECK" */ = {
			isa = XCConfigurationList;
			buildConfigurations = (
				F7F2CB4E454F40A0A2293CFB /* Debug */,
				A63FA0B709DC405DB681CE28 /* Release */,
				6D30C528D1154D5CBDE9411F /* MinSizeRel */,
				B6CC24369D6945E59F864F71 /* RelWithDebInfo */,
			);
			defaultConfigurationIsVisible = 0;
			defaultConfigurationName = Debug;
		};
		25B3BDFB2F0D4CBFAFBB23D7 /* Build configuration list for PBXAggregateTarget "ALL_BUILD" */ = {
			isa = XCConfigurationList;
			buildConfigurations = (
				89D079588B0E415EA30F6E8B /* Debug */,
				30BC64B24B7B4D35A50E4A01 /* Release */,
				643AD54CD6F944B4911CBC3C /* MinSizeRel */,
				B86BF196928644C8A3E04D8E /* RelWithDebInfo */,
			);
			defaultConfigurationIsVisible = 0;
			defaultConfigurationName = Debug;
		};
		47A5A0FF09304ACE85B8031F /* Build configuration list for PBXProject "TutorialApp" */ = {
			isa = XCConfigurationList;
			buildConfigurations = (
				066CC7831FBC40838B224029 /* Debug */,
				9793766A13A3400F8E5E01DC /* Release */,
				F810461066004A4397E73EED /* MinSizeRel */,
				6F285454653E4446A6F10F6F /* RelWithDebInfo */,
			);
			defaultConfigurationIsVisible = 0;
			defaultConfigurationName = Debug;
		};
		C3E76795809140F1863E4D25 /* Build configuration list for PBXNativeTarget "TutorialApp" */ = {
			isa = XCConfigurationList;
			buildConfigurations = (
				E1B37EB88D2848D9885EA3C4 /* Debug */,
				35843135F32F4E80B8D19C32 /* Release */,
				06A29388F42346FF940AC59D /* MinSizeRel */,
				C5B8E16264E64587AF36BDC5 /* RelWithDebInfo */,
			);
			defaultConfigurationIsVisible = 0;
			defaultConfigurationName = Debug;
		};
/* End XCConfigurationList section */
	};
	rootObject = 76B18F86782142B6A5C391DB /* Project object */;
}
