// !$*UTF8*$!
{
	archiveVersion = 1;
	classes = {
	};
	objectVersion = 54;
	objects = {

/* Begin PBXAggregateTarget section */
		34B196548A984D30BF01E1F5 /* ZERO_CHECK */ = {
			isa = PBXAggregateTarget;
			buildConfigurationList = CBCDC332D907452192DA04AD /* Build configuration list for PBXAggregateTarget "ZERO_CHECK" */;
			buildPhases = (
				DE08BF31004A88C8D4F017AB /* Generate CMakeFiles/ZERO_CHECK */,
			);
			dependencies = (
			);
			name = ZERO_CHECK;
			productName = ZERO_CHECK;
		};
		EE9CE6BBDF3B4ECBB4C7A274 /* ALL_BUILD */ = {
			isa = PBXAggregateTarget;
			buildConfigurationList = A31F28A2E5C04F1FAAC62462 /* Build configuration list for PBXAggregateTarget "ALL_BUILD" */;
			buildPhases = (
				289154B91CD66D04E7F7B06E /* Generate CMakeFiles/ALL_BUILD */,
			);
			dependencies = (
				F2EAA953AA2C4D55A5784461 /* PBXTargetDependency */,
				019F787EDCCF48F088D4FF32 /* PBXTargetDependency */,
			);
			name = ALL_BUILD;
			productName = ALL_BUILD;
		};
/* End PBXAggregateTarget section */

/* Begin PBXBuildFile section */
		E04EC7F62C254600B8252A4E /* main.cpp in Sources */ = {isa = PBXBuildFile; fileRef = C024B8161FF84B0B9BCAE148 /* main.cpp */; };
		E0EE6B3C28747DBB00E7E1BF /* VertexLayout.cpp in Sources */ = {isa = PBXBuildFile; fileRef = E0EE6B3A28747DBB00E7E1BF /* VertexLayout.cpp */; };
		E0EE6B3F287484D700E7E1BF /* Application.cpp in Sources */ = {isa = PBXBuildFile; fileRef = E0EE6B3E287484D700E7E1BF /* Application.cpp */; };
/* End PBXBuildFile section */

/* Begin PBXContainerItemProxy section */
		481E95454728400FAE242577 /* PBXContainerItemProxy */ = {
			isa = PBXContainerItemProxy;
			containerPortal = 76B18F86782142B6A5C391DB /* Project object */;
			proxyType = 1;
			remoteGlobalIDString = 34B196548A984D30BF01E1F5;
			remoteInfo = ZERO_CHECK;
		};
		90D7111E80744F59BA9C1D80 /* PBXContainerItemProxy */ = {
			isa = PBXContainerItemProxy;
			containerPortal = 76B18F86782142B6A5C391DB /* Project object */;
			proxyType = 1;
			remoteGlobalIDString = 34B196548A984D30BF01E1F5;
			remoteInfo = ZERO_CHECK;
		};
		BE71EBCF13BC443884B53F56 /* PBXContainerItemProxy */ = {
			isa = PBXContainerItemProxy;
			containerPortal = 76B18F86782142B6A5C391DB /* Project object */;
			proxyType = 1;
			remoteGlobalIDString = 4659F3A1C8AA4F0D902442AF;
			remoteInfo = TutorialApp;
		};
/* End PBXContainerItemProxy section */

/* Begin PBXFileReference section */
		470A44A9202F411595A7D604 /* TutorialApp */ = {isa = PBXFileReference; explicitFileType = "compiled.mach-o.executable"; path = TutorialApp; sourceTree = BUILT_PRODUCTS_DIR; };
		5751B19B779D4DA5AC4A2210 /* CMakeLists.txt */ = {isa = PBXFileReference; explicitFileType = sourcecode.text; fileEncoding = 4; lastKnownFileType = text; path = CMakeLists.txt; sourceTree = SOURCE_ROOT; };
		9A4E21E56B854EF7A4C6ED76 /* CMakeLists.txt */ = {isa = PBXFileReference; explicitFileType = sourcecode.text; fileEncoding = 4; lastKnownFileType = text; path = CMakeLists.txt; sourceTree = SOURCE_ROOT; };
		C024B8161FF84B0B9BCAE148 /* main.cpp */ = {isa = PBXFileReference; explicitFileType = sourcecode.cpp.cpp; fileEncoding = 4; name = main.cpp; path = src/main.cpp; sourceTree = SOURCE_ROOT; };
		E0EE6B3A28747DBB00E7E1BF /* VertexLayout.cpp */ = {isa = PBXFileReference; fileEncoding = 4; lastKnownFileType = sourcecode.cpp.cpp; name = VertexLayout.cpp; path = src/VertexLayout.cpp; sourceTree = "<group>"; };
		E0EE6B3B28747DBB00E7E1BF /* VertexLayout.h */ = {isa = PBXFileReference; fileEncoding = 4; lastKnownFileType = sourcecode.c.h; name = VertexLayout.h; path = src/VertexLayout.h; sourceTree = "<group>"; };
		E0EE6B3D2874848600E7E1BF /* Application.h */ = {isa = PBXFileReference; fileEncoding = 4; lastKnownFileType = sourcecode.c.h; name = Application.h; path = src/Application.h; sourceTree = "<group>"; };
		E0EE6B3E287484D700E7E1BF /* Application.cpp */ = {isa = PBXFileReference; fileEncoding = 4; lastKnownFileType = sourcecode.cpp.cpp; name = Application.cpp; path = src/Application.cpp; sourceTree = "<group>"; };
/* End PBXFileReference section */

/* Begin PBXFrameworksBuildPhase section */
		AE73E157238F456D9236D7EB /* Frameworks */ = {
			isa = PBXFrameworksBuildPhase;
			buildActionMask = 2147483647;
			files = (
			);
			runOnlyForDeploymentPostprocessing = 0;
		};
/* End PBXFrameworksBuildPhase section */

/* Begin PBXGroup section */
		3DE29094B0954AE4B32E50D9 /* CMake Rules */ = {
			isa = PBXGroup;
			children = (
			);
			name = "CMake Rules";
			sourceTree = "<group>";
		};
		93EF2400171B44919EF1C379 /* ALL_BUILD */ = {
			isa = PBXGroup;
			children = (
				3DE29094B0954AE4B32E50D9 /* CMake Rules */,
				9A4E21E56B854EF7A4C6ED76 /* CMakeLists.txt */,
			);
			name = ALL_BUILD;
			sourceTree = "<group>";
		};
		A96F92B86E1442358D3A9CB8 /* TutorialApp */ = {
			isa = PBXGroup;
			children = (
				E2CD251588E84DE0B32216C2 /* Source Files */,
				5751B19B779D4DA5AC4A2210 /* CMakeLists.txt */,
			);
			name = TutorialApp;
			sourceTree = "<group>";
		};
		BA099D2AF4B141F094C6A5BD = {
			isa = PBXGroup;
			children = (
				A96F92B86E1442358D3A9CB8 /* TutorialApp */,
				93EF2400171B44919EF1C379 /* ALL_BUILD */,
				EDF1048309514AE0971D7FF1 /* Products */,
				F7A9AC618EDC45469FF3DE9D /* Frameworks */,
			);
			sourceTree = "<group>";
		};
		E2CD251588E84DE0B32216C2 /* Source Files */ = {
			isa = PBXGroup;
			children = (
				E0EE6B3E287484D700E7E1BF /* Application.cpp */,
				E0EE6B3D2874848600E7E1BF /* Application.h */,
				E0EE6B3A28747DBB00E7E1BF /* VertexLayout.cpp */,
				E0EE6B3B28747DBB00E7E1BF /* VertexLayout.h */,
				C024B8161FF84B0B9BCAE148 /* main.cpp */,
			);
			name = "Source Files";
			sourceTree = "<group>";
		};
		EDF1048309514AE0971D7FF1 /* Products */ = {
			isa = PBXGroup;
			children = (
				470A44A9202F411595A7D604 /* TutorialApp */,
			);
			name = Products;
			sourceTree = "<group>";
		};
		F7A9AC618EDC45469FF3DE9D /* Frameworks */ = {
			isa = PBXGroup;
			children = (
			);
			name = Frameworks;
			sourceTree = "<group>";
		};
/* End PBXGroup section */

/* Begin PBXNativeTarget section */
		4659F3A1C8AA4F0D902442AF /* TutorialApp */ = {
			isa = PBXNativeTarget;
			buildConfigurationList = BBDA1C41845E43489E36A3B1 /* Build configuration list for PBXNativeTarget "TutorialApp" */;
			buildPhases = (
				DA495AE5EE7C4DD892C2F937 /* Sources */,
				AE73E157238F456D9236D7EB /* Frameworks */,
			);
			buildRules = (
			);
			dependencies = (
				2EBD53583EC5412F818B2B7D /* PBXTargetDependency */,
			);
			name = TutorialApp;
			productName = TutorialApp;
			productReference = 470A44A9202F411595A7D604 /* TutorialApp */;
			productType = "com.apple.product-type.tool";
		};
/* End PBXNativeTarget section */

/* Begin PBXProject section */
		76B18F86782142B6A5C391DB /* Project object */ = {
			isa = PBXProject;
			attributes = {
				LastUpgradeCheck = 1340;
			};
			buildConfigurationList = 0808C27B5346417EBD17E346 /* Build configuration list for PBXProject "TutorialApp" */;
			compatibilityVersion = "Xcode 3.2";
			developmentRegion = en;
			hasScannedForEncodings = 0;
			knownRegions = (
				en,
				Base,
			);
			mainGroup = BA099D2AF4B141F094C6A5BD;
			projectDirPath = "";
			projectRoot = "";
			targets = (
				EE9CE6BBDF3B4ECBB4C7A274 /* ALL_BUILD */,
				4659F3A1C8AA4F0D902442AF /* TutorialApp */,
				34B196548A984D30BF01E1F5 /* ZERO_CHECK */,
			);
		};
/* End PBXProject section */

/* Begin PBXShellScriptBuildPhase section */
		289154B91CD66D04E7F7B06E /* Generate CMakeFiles/ALL_BUILD */ = {
			isa = PBXShellScriptBuildPhase;
			alwaysOutOfDate = 1;
			buildActionMask = 2147483647;
			files = (
			);
			inputPaths = (
			);
			name = "Generate CMakeFiles/ALL_BUILD";
			outputPaths = (
				/Users/danm3/opengl/cmake/CMakeFiles/ALL_BUILD,
			);
			runOnlyForDeploymentPostprocessing = 0;
			shellPath = /bin/sh;
			shellScript = "set -e\nif test \"$CONFIGURATION\" = \"Debug\"; then :\n  cd /Users/danm3/opengl/cmake\n  echo Build\\ all\\ projects\nfi\nif test \"$CONFIGURATION\" = \"Release\"; then :\n  cd /Users/danm3/opengl/cmake\n  echo Build\\ all\\ projects\nfi\nif test \"$CONFIGURATION\" = \"MinSizeRel\"; then :\n  cd /Users/danm3/opengl/cmake\n  echo Build\\ all\\ projects\nfi\nif test \"$CONFIGURATION\" = \"RelWithDebInfo\"; then :\n  cd /Users/danm3/opengl/cmake\n  echo Build\\ all\\ projects\nfi\n";
			showEnvVarsInLog = 0;
		};
		DE08BF31004A88C8D4F017AB /* Generate CMakeFiles/ZERO_CHECK */ = {
			isa = PBXShellScriptBuildPhase;
			alwaysOutOfDate = 1;
			buildActionMask = 2147483647;
			files = (
			);
			inputPaths = (
			);
			name = "Generate CMakeFiles/ZERO_CHECK";
			outputPaths = (
				/Users/danm3/opengl/cmake/CMakeFiles/ZERO_CHECK,
			);
			runOnlyForDeploymentPostprocessing = 0;
			shellPath = /bin/sh;
			shellScript = "set -e\nif test \"$CONFIGURATION\" = \"Debug\"; then :\n  cd /Users/danm3/opengl/cmake\n  make -f /Users/danm3/opengl/cmake/CMakeScripts/ReRunCMake.make\nfi\nif test \"$CONFIGURATION\" = \"Release\"; then :\n  cd /Users/danm3/opengl/cmake\n  make -f /Users/danm3/opengl/cmake/CMakeScripts/ReRunCMake.make\nfi\nif test \"$CONFIGURATION\" = \"MinSizeRel\"; then :\n  cd /Users/danm3/opengl/cmake\n  make -f /Users/danm3/opengl/cmake/CMakeScripts/ReRunCMake.make\nfi\nif test \"$CONFIGURATION\" = \"RelWithDebInfo\"; then :\n  cd /Users/danm3/opengl/cmake\n  make -f /Users/danm3/opengl/cmake/CMakeScripts/ReRunCMake.make\nfi\n";
			showEnvVarsInLog = 0;
		};
/* End PBXShellScriptBuildPhase section */

/* Begin PBXSourcesBuildPhase section */
		DA495AE5EE7C4DD892C2F937 /* Sources */ = {
			isa = PBXSourcesBuildPhase;
			buildActionMask = 2147483647;
			files = (
				E04EC7F62C254600B8252A4E /* main.cpp in Sources */,
				E0EE6B3C28747DBB00E7E1BF /* VertexLayout.cpp in Sources */,
				E0EE6B3F287484D700E7E1BF /* Application.cpp in Sources */,
			);
			runOnlyForDeploymentPostprocessing = 0;
		};
/* End PBXSourcesBuildPhase section */

/* Begin PBXTargetDependency section */
		019F787EDCCF48F088D4FF32 /* PBXTargetDependency */ = {
			isa = PBXTargetDependency;
			target = 34B196548A984D30BF01E1F5 /* ZERO_CHECK */;
			targetProxy = 90D7111E80744F59BA9C1D80 /* PBXContainerItemProxy */;
		};
		2EBD53583EC5412F818B2B7D /* PBXTargetDependency */ = {
			isa = PBXTargetDependency;
			target = 34B196548A984D30BF01E1F5 /* ZERO_CHECK */;
			targetProxy = 481E95454728400FAE242577 /* PBXContainerItemProxy */;
		};
		F2EAA953AA2C4D55A5784461 /* PBXTargetDependency */ = {
			isa = PBXTargetDependency;
			target = 4659F3A1C8AA4F0D902442AF /* TutorialApp */;
			targetProxy = BE71EBCF13BC443884B53F56 /* PBXContainerItemProxy */;
		};
/* End PBXTargetDependency section */

/* Begin XCBuildConfiguration section */
		0D0B531749CA40BA8A813370 /* Debug */ = {
			isa = XCBuildConfiguration;
			buildSettings = {
				COMBINE_HIDPI_IMAGES = YES;
				GCC_GENERATE_DEBUGGING_SYMBOLS = YES;
				GCC_INLINES_ARE_PRIVATE_EXTERN = NO;
				GCC_OPTIMIZATION_LEVEL = 0;
				GCC_PREPROCESSOR_DEFINITIONS = (
					"'CMAKE_INTDIR=\"$(CONFIGURATION)$(EFFECTIVE_PLATFORM_NAME)\"'",
					"$(inherited)",
				);
				GCC_SYMBOLS_PRIVATE_EXTERN = NO;
				INSTALL_PATH = "";
				OTHER_LDFLAGS = " $(inherited)";
				OTHER_REZFLAGS = "";
				PRODUCT_NAME = ALL_BUILD;
				SECTORDER_FLAGS = "";
				SYMROOT = /Users/danm3/opengl/cmake;
				USE_HEADERMAP = NO;
				WARNING_CFLAGS = "$(inherited)";
			};
			name = Debug;
		};
		124271196F53495596DDCA4F /* RelWithDebInfo */ = {
			isa = XCBuildConfiguration;
			buildSettings = {
				COMBINE_HIDPI_IMAGES = YES;
				GCC_GENERATE_DEBUGGING_SYMBOLS = YES;
				GCC_INLINES_ARE_PRIVATE_EXTERN = NO;
				GCC_OPTIMIZATION_LEVEL = 0;
				GCC_PREPROCESSOR_DEFINITIONS = (
					"'CMAKE_INTDIR=\"$(CONFIGURATION)$(EFFECTIVE_PLATFORM_NAME)\"'",
					"$(inherited)",
				);
				GCC_SYMBOLS_PRIVATE_EXTERN = NO;
				INSTALL_PATH = "";
				OTHER_LDFLAGS = " $(inherited)";
				OTHER_REZFLAGS = "";
				PRODUCT_NAME = ALL_BUILD;
				SECTORDER_FLAGS = "";
				SYMROOT = /Users/danm3/opengl/cmake;
				USE_HEADERMAP = NO;
				WARNING_CFLAGS = "$(inherited)";
			};
			name = RelWithDebInfo;
		};
		4542A74964EB40ADAE93CD87 /* Release */ = {
			isa = XCBuildConfiguration;
			buildSettings = {
				ARCHS = "$(NATIVE_ARCH_ACTUAL)";
				ONLY_ACTIVE_ARCH = YES;
				SDKROOT = /Applications/Xcode.app/Contents/Developer/Platforms/MacOSX.platform/Developer/SDKs/MacOSX12.3.sdk;
				SYMROOT = /Users/danm3/opengl/cmake/build;
			};
			name = Release;
		};
		6CDAF15AE5D048D78106F243 /* Release */ = {
			isa = XCBuildConfiguration;
			buildSettings = {
				COMBINE_HIDPI_IMAGES = YES;
				GCC_GENERATE_DEBUGGING_SYMBOLS = YES;
				GCC_INLINES_ARE_PRIVATE_EXTERN = NO;
				GCC_OPTIMIZATION_LEVEL = 0;
				GCC_PREPROCESSOR_DEFINITIONS = (
					"'CMAKE_INTDIR=\"$(CONFIGURATION)$(EFFECTIVE_PLATFORM_NAME)\"'",
					"$(inherited)",
				);
				GCC_SYMBOLS_PRIVATE_EXTERN = NO;
				INSTALL_PATH = "";
				OTHER_LDFLAGS = " $(inherited)";
				OTHER_REZFLAGS = "";
				PRODUCT_NAME = ALL_BUILD;
				SECTORDER_FLAGS = "";
				SYMROOT = /Users/danm3/opengl/cmake;
				USE_HEADERMAP = NO;
				WARNING_CFLAGS = "$(inherited)";
			};
			name = Release;
		};
		707636890C7D400491050BC3 /* MinSizeRel */ = {
			isa = XCBuildConfiguration;
			buildSettings = {
				COMBINE_HIDPI_IMAGES = YES;
				GCC_GENERATE_DEBUGGING_SYMBOLS = YES;
				GCC_INLINES_ARE_PRIVATE_EXTERN = NO;
				GCC_OPTIMIZATION_LEVEL = 0;
				GCC_PREPROCESSOR_DEFINITIONS = (
					"'CMAKE_INTDIR=\"$(CONFIGURATION)$(EFFECTIVE_PLATFORM_NAME)\"'",
					"$(inherited)",
				);
				GCC_SYMBOLS_PRIVATE_EXTERN = NO;
				INSTALL_PATH = "";
				OTHER_LDFLAGS = " $(inherited)";
				OTHER_REZFLAGS = "";
				PRODUCT_NAME = ALL_BUILD;
				SECTORDER_FLAGS = "";
				SYMROOT = /Users/danm3/opengl/cmake;
				USE_HEADERMAP = NO;
				WARNING_CFLAGS = "$(inherited)";
			};
			name = MinSizeRel;
		};
		79CDED0F3C9C46C4998695A9 /* Release */ = {
			isa = XCBuildConfiguration;
			buildSettings = {
				COMBINE_HIDPI_IMAGES = YES;
				EXECUTABLE_PREFIX = "";
				EXECUTABLE_SUFFIX = "";
				GCC_GENERATE_DEBUGGING_SYMBOLS = NO;
				GCC_INLINES_ARE_PRIVATE_EXTERN = NO;
				GCC_OPTIMIZATION_LEVEL = 3;
				GCC_PREPROCESSOR_DEFINITIONS = (
					"'CMAKE_INTDIR=\"$(CONFIGURATION)$(EFFECTIVE_PLATFORM_NAME)\"'",
					"$(inherited)",
				);
				GCC_SYMBOLS_PRIVATE_EXTERN = NO;
				HEADER_SEARCH_PATHS = (
					/usr/local/Cellar/glfw/3.3.7/include,
					"$(inherited)",
				);
				INSTALL_PATH = "";
				LD_RUNPATH_SEARCH_PATHS = (
					/usr/local/Cellar/glfw/3.3.7/lib,
					"$(inherited)",
				);
				LIBRARY_SEARCH_PATHS = (
					"/usr/local/Cellar/glfw/3.3.7/lib/$(CONFIGURATION)$(EFFECTIVE_PLATFORM_NAME)",
					/usr/local/Cellar/glfw/3.3.7/lib,
					"$(inherited)",
				);
				OTHER_CPLUSPLUSFLAGS = "    -DNDEBUG ";
				OTHER_LDFLAGS = (
					"-Wl,-search_paths_first",
					"-Wl,-headerpad_max_install_names",
					"-lglfw",
					"-framework",
					OpenGL,
					"-framework",
					OpenGL,
					"-framework",
					OpenGL,
					"$(inherited)",
				);
				OTHER_REZFLAGS = "";
				PRODUCT_NAME = TutorialApp;
				SECTORDER_FLAGS = "";
				SYMROOT = /Users/danm3/opengl/cmake;
				USE_HEADERMAP = NO;
				WARNING_CFLAGS = "$(inherited)";
			};
			name = Release;
		};
		94EEDEBC55E24B97AAFB0709 /* MinSizeRel */ = {
			isa = XCBuildConfiguration;
			buildSettings = {
				ARCHS = "$(NATIVE_ARCH_ACTUAL)";
				ONLY_ACTIVE_ARCH = YES;
				SDKROOT = /Applications/Xcode.app/Contents/Developer/Platforms/MacOSX.platform/Developer/SDKs/MacOSX12.3.sdk;
				SYMROOT = /Users/danm3/opengl/cmake/build;
			};
			name = MinSizeRel;
		};
		95CB0433944E43E582B8FF25 /* Debug */ = {
			isa = XCBuildConfiguration;
			buildSettings = {
				COMBINE_HIDPI_IMAGES = YES;
				GCC_GENERATE_DEBUGGING_SYMBOLS = YES;
				GCC_INLINES_ARE_PRIVATE_EXTERN = NO;
				GCC_OPTIMIZATION_LEVEL = 0;
				GCC_PREPROCESSOR_DEFINITIONS = (
					"'CMAKE_INTDIR=\"$(CONFIGURATION)$(EFFECTIVE_PLATFORM_NAME)\"'",
					"$(inherited)",
				);
				GCC_SYMBOLS_PRIVATE_EXTERN = NO;
				INSTALL_PATH = "";
				OTHER_LDFLAGS = " $(inherited)";
				OTHER_REZFLAGS = "";
				PRODUCT_NAME = ZERO_CHECK;
				SECTORDER_FLAGS = "";
				SYMROOT = /Users/danm3/opengl/cmake;
				USE_HEADERMAP = NO;
				WARNING_CFLAGS = "$(inherited)";
			};
			name = Debug;
		};
		9AC641A09E58492983D64424 /* RelWithDebInfo */ = {
			isa = XCBuildConfiguration;
			buildSettings = {
				ARCHS = "$(NATIVE_ARCH_ACTUAL)";
				ONLY_ACTIVE_ARCH = YES;
				SDKROOT = /Applications/Xcode.app/Contents/Developer/Platforms/MacOSX.platform/Developer/SDKs/MacOSX12.3.sdk;
				SYMROOT = /Users/danm3/opengl/cmake/build;
			};
			name = RelWithDebInfo;
		};
		AAF3E82D1E8B46F288B00527 /* RelWithDebInfo */ = {
			isa = XCBuildConfiguration;
			buildSettings = {
				COMBINE_HIDPI_IMAGES = YES;
				GCC_GENERATE_DEBUGGING_SYMBOLS = YES;
				GCC_INLINES_ARE_PRIVATE_EXTERN = NO;
				GCC_OPTIMIZATION_LEVEL = 0;
				GCC_PREPROCESSOR_DEFINITIONS = (
					"'CMAKE_INTDIR=\"$(CONFIGURATION)$(EFFECTIVE_PLATFORM_NAME)\"'",
					"$(inherited)",
				);
				GCC_SYMBOLS_PRIVATE_EXTERN = NO;
				INSTALL_PATH = "";
				OTHER_LDFLAGS = " $(inherited)";
				OTHER_REZFLAGS = "";
				PRODUCT_NAME = ZERO_CHECK;
				SECTORDER_FLAGS = "";
				SYMROOT = /Users/danm3/opengl/cmake;
				USE_HEADERMAP = NO;
				WARNING_CFLAGS = "$(inherited)";
			};
			name = RelWithDebInfo;
		};
		B48CA0763CDD4C94A20534F4 /* Debug */ = {
			isa = XCBuildConfiguration;
			buildSettings = {
				ARCHS = "$(NATIVE_ARCH_ACTUAL)";
				ONLY_ACTIVE_ARCH = YES;
				SDKROOT = /Applications/Xcode.app/Contents/Developer/Platforms/MacOSX.platform/Developer/SDKs/MacOSX12.3.sdk;
				SYMROOT = /Users/danm3/opengl/cmake/build;
			};
			name = Debug;
		};
		B50BCE2BD1574607BFF10E65 /* Release */ = {
			isa = XCBuildConfiguration;
			buildSettings = {
				COMBINE_HIDPI_IMAGES = YES;
				GCC_GENERATE_DEBUGGING_SYMBOLS = YES;
				GCC_INLINES_ARE_PRIVATE_EXTERN = NO;
				GCC_OPTIMIZATION_LEVEL = 0;
				GCC_PREPROCESSOR_DEFINITIONS = (
					"'CMAKE_INTDIR=\"$(CONFIGURATION)$(EFFECTIVE_PLATFORM_NAME)\"'",
					"$(inherited)",
				);
				GCC_SYMBOLS_PRIVATE_EXTERN = NO;
				INSTALL_PATH = "";
				OTHER_LDFLAGS = " $(inherited)";
				OTHER_REZFLAGS = "";
				PRODUCT_NAME = ZERO_CHECK;
				SECTORDER_FLAGS = "";
				SYMROOT = /Users/danm3/opengl/cmake;
				USE_HEADERMAP = NO;
				WARNING_CFLAGS = "$(inherited)";
			};
			name = Release;
		};
		DCEE9CC640B2405CB3A4EF41 /* MinSizeRel */ = {
			isa = XCBuildConfiguration;
			buildSettings = {
				COMBINE_HIDPI_IMAGES = YES;
				EXECUTABLE_PREFIX = "";
				EXECUTABLE_SUFFIX = "";
				GCC_GENERATE_DEBUGGING_SYMBOLS = NO;
				GCC_INLINES_ARE_PRIVATE_EXTERN = NO;
				GCC_OPTIMIZATION_LEVEL = s;
				GCC_PREPROCESSOR_DEFINITIONS = (
					"'CMAKE_INTDIR=\"$(CONFIGURATION)$(EFFECTIVE_PLATFORM_NAME)\"'",
					"$(inherited)",
				);
				GCC_SYMBOLS_PRIVATE_EXTERN = NO;
				HEADER_SEARCH_PATHS = (
					/usr/local/Cellar/glfw/3.3.7/include,
					"$(inherited)",
				);
				INSTALL_PATH = "";
				LD_RUNPATH_SEARCH_PATHS = (
					/usr/local/Cellar/glfw/3.3.7/lib,
					"$(inherited)",
				);
				LIBRARY_SEARCH_PATHS = (
					"/usr/local/Cellar/glfw/3.3.7/lib/$(CONFIGURATION)$(EFFECTIVE_PLATFORM_NAME)",
					/usr/local/Cellar/glfw/3.3.7/lib,
					"$(inherited)",
				);
				OTHER_CPLUSPLUSFLAGS = "    -DNDEBUG ";
				OTHER_LDFLAGS = (
					"-Wl,-search_paths_first",
					"-Wl,-headerpad_max_install_names",
					"-lglfw",
					"-framework",
					OpenGL,
					"-framework",
					OpenGL,
					"-framework",
					OpenGL,
					"$(inherited)",
				);
				OTHER_REZFLAGS = "";
				PRODUCT_NAME = TutorialApp;
				SECTORDER_FLAGS = "";
				SYMROOT = /Users/danm3/opengl/cmake;
				USE_HEADERMAP = NO;
				WARNING_CFLAGS = "$(inherited)";
			};
			name = MinSizeRel;
		};
		F2EC53996D88418AB77A6003 /* MinSizeRel */ = {
			isa = XCBuildConfiguration;
			buildSettings = {
				COMBINE_HIDPI_IMAGES = YES;
				GCC_GENERATE_DEBUGGING_SYMBOLS = YES;
				GCC_INLINES_ARE_PRIVATE_EXTERN = NO;
				GCC_OPTIMIZATION_LEVEL = 0;
				GCC_PREPROCESSOR_DEFINITIONS = (
					"'CMAKE_INTDIR=\"$(CONFIGURATION)$(EFFECTIVE_PLATFORM_NAME)\"'",
					"$(inherited)",
				);
				GCC_SYMBOLS_PRIVATE_EXTERN = NO;
				INSTALL_PATH = "";
				OTHER_LDFLAGS = " $(inherited)";
				OTHER_REZFLAGS = "";
				PRODUCT_NAME = ZERO_CHECK;
				SECTORDER_FLAGS = "";
				SYMROOT = /Users/danm3/opengl/cmake;
				USE_HEADERMAP = NO;
				WARNING_CFLAGS = "$(inherited)";
			};
			name = MinSizeRel;
		};
		FA38997F7DFC41DF86315250 /* RelWithDebInfo */ = {
			isa = XCBuildConfiguration;
			buildSettings = {
				COMBINE_HIDPI_IMAGES = YES;
				EXECUTABLE_PREFIX = "";
				EXECUTABLE_SUFFIX = "";
				GCC_GENERATE_DEBUGGING_SYMBOLS = YES;
				GCC_INLINES_ARE_PRIVATE_EXTERN = NO;
				GCC_OPTIMIZATION_LEVEL = 2;
				GCC_PREPROCESSOR_DEFINITIONS = (
					"'CMAKE_INTDIR=\"$(CONFIGURATION)$(EFFECTIVE_PLATFORM_NAME)\"'",
					"$(inherited)",
				);
				GCC_SYMBOLS_PRIVATE_EXTERN = NO;
				HEADER_SEARCH_PATHS = (
					/usr/local/Cellar/glfw/3.3.7/include,
					"$(inherited)",
				);
				INSTALL_PATH = "";
				LD_RUNPATH_SEARCH_PATHS = (
					/usr/local/Cellar/glfw/3.3.7/lib,
					"$(inherited)",
				);
				LIBRARY_SEARCH_PATHS = (
					"/usr/local/Cellar/glfw/3.3.7/lib/$(CONFIGURATION)$(EFFECTIVE_PLATFORM_NAME)",
					/usr/local/Cellar/glfw/3.3.7/lib,
					"$(inherited)",
				);
				OTHER_CPLUSPLUSFLAGS = "       -DNDEBUG ";
				OTHER_LDFLAGS = (
					"-Wl,-search_paths_first",
					"-Wl,-headerpad_max_install_names",
					"-lglfw",
					"-framework",
					OpenGL,
					"-framework",
					OpenGL,
					"-framework",
					OpenGL,
					"$(inherited)",
				);
				OTHER_REZFLAGS = "";
				PRODUCT_NAME = TutorialApp;
				SECTORDER_FLAGS = "";
				SYMROOT = /Users/danm3/opengl/cmake;
				USE_HEADERMAP = NO;
				WARNING_CFLAGS = "$(inherited)";
			};
			name = RelWithDebInfo;
		};
		FBF803A57A404B15B87E836B /* Debug */ = {
			isa = XCBuildConfiguration;
			buildSettings = {
				COMBINE_HIDPI_IMAGES = YES;
				EXECUTABLE_PREFIX = "";
				EXECUTABLE_SUFFIX = "";
				GCC_GENERATE_DEBUGGING_SYMBOLS = YES;
				GCC_INLINES_ARE_PRIVATE_EXTERN = NO;
				GCC_OPTIMIZATION_LEVEL = 0;
				GCC_PREPROCESSOR_DEFINITIONS = (
					"'CMAKE_INTDIR=\"$(CONFIGURATION)$(EFFECTIVE_PLATFORM_NAME)\"'",
					"$(inherited)",
				);
				GCC_SYMBOLS_PRIVATE_EXTERN = NO;
				HEADER_SEARCH_PATHS = (
					/usr/local/Cellar/glfw/3.3.7/include,
					"$(inherited)",
				);
				INSTALL_PATH = "";
				LD_RUNPATH_SEARCH_PATHS = (
					/usr/local/Cellar/glfw/3.3.7/lib,
					"$(inherited)",
				);
				LIBRARY_SEARCH_PATHS = (
					"/usr/local/Cellar/glfw/3.3.7/lib/$(CONFIGURATION)$(EFFECTIVE_PLATFORM_NAME)",
					/usr/local/Cellar/glfw/3.3.7/lib,
					"$(inherited)",
				);
				OTHER_CPLUSPLUSFLAGS = "   ";
				OTHER_LDFLAGS = (
					"-Wl,-search_paths_first",
					"-Wl,-headerpad_max_install_names",
					"-lglfw",
					"-framework",
					OpenGL,
					"-framework",
					OpenGL,
					"-framework",
					OpenGL,
					"$(inherited)",
				);
				OTHER_REZFLAGS = "";
				PRODUCT_NAME = TutorialApp;
				SECTORDER_FLAGS = "";
				SYMROOT = /Users/danm3/opengl/cmake;
				USE_HEADERMAP = NO;
				WARNING_CFLAGS = "$(inherited)";
			};
			name = Debug;
		};
/* End XCBuildConfiguration section */

/* Begin XCConfigurationList section */
		0808C27B5346417EBD17E346 /* Build configuration list for PBXProject "TutorialApp" */ = {
			isa = XCConfigurationList;
			buildConfigurations = (
				B48CA0763CDD4C94A20534F4 /* Debug */,
				4542A74964EB40ADAE93CD87 /* Release */,
				94EEDEBC55E24B97AAFB0709 /* MinSizeRel */,
				9AC641A09E58492983D64424 /* RelWithDebInfo */,
			);
			defaultConfigurationIsVisible = 0;
			defaultConfigurationName = Debug;
		};
		A31F28A2E5C04F1FAAC62462 /* Build configuration list for PBXAggregateTarget "ALL_BUILD" */ = {
			isa = XCConfigurationList;
			buildConfigurations = (
				0D0B531749CA40BA8A813370 /* Debug */,
				6CDAF15AE5D048D78106F243 /* Release */,
				707636890C7D400491050BC3 /* MinSizeRel */,
				124271196F53495596DDCA4F /* RelWithDebInfo */,
			);
			defaultConfigurationIsVisible = 0;
			defaultConfigurationName = Debug;
		};
		BBDA1C41845E43489E36A3B1 /* Build configuration list for PBXNativeTarget "TutorialApp" */ = {
			isa = XCConfigurationList;
			buildConfigurations = (
				FBF803A57A404B15B87E836B /* Debug */,
				79CDED0F3C9C46C4998695A9 /* Release */,
				DCEE9CC640B2405CB3A4EF41 /* MinSizeRel */,
				FA38997F7DFC41DF86315250 /* RelWithDebInfo */,
			);
			defaultConfigurationIsVisible = 0;
			defaultConfigurationName = Debug;
		};
		CBCDC332D907452192DA04AD /* Build configuration list for PBXAggregateTarget "ZERO_CHECK" */ = {
			isa = XCConfigurationList;
			buildConfigurations = (
				95CB0433944E43E582B8FF25 /* Debug */,
				B50BCE2BD1574607BFF10E65 /* Release */,
				F2EC53996D88418AB77A6003 /* MinSizeRel */,
				AAF3E82D1E8B46F288B00527 /* RelWithDebInfo */,
			);
			defaultConfigurationIsVisible = 0;
			defaultConfigurationName = Debug;
		};
/* End XCConfigurationList section */
	};
	rootObject = 76B18F86782142B6A5C391DB /* Project object */;
}
