// !$*UTF8*$!
{
	archiveVersion = 1;
	classes = {
	};
	objectVersion = 54;
	objects = {

/* Begin PBXAggregateTarget section */
		34B196548A984D30BF01E1F5 /* ZERO_CHECK */ = {
			isa = PBXAggregateTarget;
			buildConfigurationList = 1CB5DEDAC8C14A9DAF9AE2BB /* Build configuration list for PBXAggregateTarget "ZERO_CHECK" */;
			buildPhases = (
				DE08BF31004A88C8D4F017AB /* Generate CMakeFiles/ZERO_CHECK */,
			);
			dependencies = (
			);
			name = ZERO_CHECK;
			productName = ZERO_CHECK;
		};
		EE9CE6BBDF3B4ECBB4C7A274 /* ALL_BUILD */ = {
			isa = PBXAggregateTarget;
			buildConfigurationList = ED5875E3F7424A22885025C4 /* Build configuration list for PBXAggregateTarget "ALL_BUILD" */;
			buildPhases = (
				289154B91CD66D04E7F7B06E /* Generate CMakeFiles/ALL_BUILD */,
			);
			dependencies = (
				80FBDD920E284BCC920658C5 /* PBXTargetDependency */,
				EFAEDE61BAE049158CEF0E1B /* PBXTargetDependency */,
			);
			name = ALL_BUILD;
			productName = ALL_BUILD;
		};
/* End PBXAggregateTarget section */

/* Begin PBXBuildFile section */
		9D3EF7BBE2F04A06A3680ADD /* main.cpp in Sources */ = {isa = PBXBuildFile; fileRef = E6CDE831C788433BB6A67253 /* main.cpp */; };
		E0EE6B432874862C00E7E1BF /* VertexLayout.cpp in Sources */ = {isa = PBXBuildFile; fileRef = E0EE6B402874862C00E7E1BF /* VertexLayout.cpp */; };
		E0EE6B452874863500E7E1BF /* Application.cpp in Sources */ = {isa = PBXBuildFile; fileRef = E0EE6B442874863500E7E1BF /* Application.cpp */; };
/* End PBXBuildFile section */

/* Begin PBXContainerItemProxy section */
		0164C0494D5B4052BE03AF03 /* PBXContainerItemProxy */ = {
			isa = PBXContainerItemProxy;
			containerPortal = 76B18F86782142B6A5C391DB /* Project object */;
			proxyType = 1;
			remoteGlobalIDString = 34B196548A984D30BF01E1F5;
			remoteInfo = ZERO_CHECK;
		};
		3E008A28AAD741F987D5DA93 /* PBXContainerItemProxy */ = {
			isa = PBXContainerItemProxy;
			containerPortal = 76B18F86782142B6A5C391DB /* Project object */;
			proxyType = 1;
			remoteGlobalIDString = 4659F3A1C8AA4F0D902442AF;
			remoteInfo = TutorialApp;
		};
		9AEB7DD3C4444149BBB0F4A8 /* PBXContainerItemProxy */ = {
			isa = PBXContainerItemProxy;
			containerPortal = 76B18F86782142B6A5C391DB /* Project object */;
			proxyType = 1;
			remoteGlobalIDString = 34B196548A984D30BF01E1F5;
			remoteInfo = ZERO_CHECK;
		};
/* End PBXContainerItemProxy section */

/* Begin PBXFileReference section */
		23F8A68CA64B4E378A50D90F /* CMakeLists.txt */ = {isa = PBXFileReference; explicitFileType = sourcecode.text; fileEncoding = 4; lastKnownFileType = text; path = CMakeLists.txt; sourceTree = SOURCE_ROOT; };
		97E2B22EB6214EE2A753F89C /* CMakeLists.txt */ = {isa = PBXFileReference; explicitFileType = sourcecode.text; fileEncoding = 4; lastKnownFileType = text; path = CMakeLists.txt; sourceTree = SOURCE_ROOT; };
		A840106FE5694243BCE5D2A9 /* TutorialApp */ = {isa = PBXFileReference; explicitFileType = "compiled.mach-o.executable"; path = TutorialApp; sourceTree = BUILT_PRODUCTS_DIR; };
		E0EE6B402874862C00E7E1BF /* VertexLayout.cpp */ = {isa = PBXFileReference; fileEncoding = 4; lastKnownFileType = sourcecode.cpp.cpp; name = VertexLayout.cpp; path = src/VertexLayout.cpp; sourceTree = "<group>"; };
		E0EE6B412874862C00E7E1BF /* Application.h */ = {isa = PBXFileReference; fileEncoding = 4; lastKnownFileType = sourcecode.c.h; name = Application.h; path = src/Application.h; sourceTree = "<group>"; };
		E0EE6B422874862C00E7E1BF /* VertexLayout.h */ = {isa = PBXFileReference; fileEncoding = 4; lastKnownFileType = sourcecode.c.h; name = VertexLayout.h; path = src/VertexLayout.h; sourceTree = "<group>"; };
		E0EE6B442874863500E7E1BF /* Application.cpp */ = {isa = PBXFileReference; fileEncoding = 4; lastKnownFileType = sourcecode.cpp.cpp; name = Application.cpp; path = src/Application.cpp; sourceTree = "<group>"; };
		E6CDE831C788433BB6A67253 /* main.cpp */ = {isa = PBXFileReference; explicitFileType = sourcecode.cpp.cpp; fileEncoding = 4; name = main.cpp; path = src/main.cpp; sourceTree = SOURCE_ROOT; };
/* End PBXFileReference section */

/* Begin PBXFrameworksBuildPhase section */
		53B7C3300B0146D6BA763175 /* Frameworks */ = {
			isa = PBXFrameworksBuildPhase;
			buildActionMask = 2147483647;
			files = (
			);
			runOnlyForDeploymentPostprocessing = 0;
		};
/* End PBXFrameworksBuildPhase section */

/* Begin PBXGroup section */
		64DDBCE56F9D43AC85EA1010 = {
			isa = PBXGroup;
			children = (
				B5010C064F664101A0F4E2CF /* TutorialApp */,
				A54B2CDE79AD4F8E90BD7329 /* ALL_BUILD */,
				FBA99D65B0444338BF8D162E /* Products */,
				7E1FD59FAAD04987938978D8 /* Frameworks */,
			);
			sourceTree = "<group>";
		};
		7E1FD59FAAD04987938978D8 /* Frameworks */ = {
			isa = PBXGroup;
			children = (
			);
			name = Frameworks;
			sourceTree = "<group>";
		};
		8CAFDFD60E8C4E7093BE4959 /* Source Files */ = {
			isa = PBXGroup;
			children = (
				E0EE6B442874863500E7E1BF /* Application.cpp */,
				E0EE6B412874862C00E7E1BF /* Application.h */,
				E0EE6B402874862C00E7E1BF /* VertexLayout.cpp */,
				E0EE6B422874862C00E7E1BF /* VertexLayout.h */,
				E6CDE831C788433BB6A67253 /* main.cpp */,
			);
			name = "Source Files";
			sourceTree = "<group>";
		};
		9B0E4F289E4A4ACE97D692D5 /* CMake Rules */ = {
			isa = PBXGroup;
			children = (
			);
			name = "CMake Rules";
			sourceTree = "<group>";
		};
		A54B2CDE79AD4F8E90BD7329 /* ALL_BUILD */ = {
			isa = PBXGroup;
			children = (
				9B0E4F289E4A4ACE97D692D5 /* CMake Rules */,
				97E2B22EB6214EE2A753F89C /* CMakeLists.txt */,
			);
			name = ALL_BUILD;
			sourceTree = "<group>";
		};
		B5010C064F664101A0F4E2CF /* TutorialApp */ = {
			isa = PBXGroup;
			children = (
				8CAFDFD60E8C4E7093BE4959 /* Source Files */,
				23F8A68CA64B4E378A50D90F /* CMakeLists.txt */,
			);
			name = TutorialApp;
			sourceTree = "<group>";
		};
		FBA99D65B0444338BF8D162E /* Products */ = {
			isa = PBXGroup;
			children = (
				A840106FE5694243BCE5D2A9 /* TutorialApp */,
			);
			name = Products;
			sourceTree = "<group>";
		};
/* End PBXGroup section */

/* Begin PBXNativeTarget section */
		4659F3A1C8AA4F0D902442AF /* TutorialApp */ = {
			isa = PBXNativeTarget;
			buildConfigurationList = DD79AA5E9B164148850F32B4 /* Build configuration list for PBXNativeTarget "TutorialApp" */;
			buildPhases = (
				84BB906FE6104310B9E0BF0B /* Sources */,
				53B7C3300B0146D6BA763175 /* Frameworks */,
			);
			buildRules = (
			);
			dependencies = (
				F7C094172E754E06B90DC1D3 /* PBXTargetDependency */,
			);
			name = TutorialApp;
			productName = TutorialApp;
			productReference = A840106FE5694243BCE5D2A9 /* TutorialApp */;
			productType = "com.apple.product-type.tool";
		};
/* End PBXNativeTarget section */

/* Begin PBXProject section */
		76B18F86782142B6A5C391DB /* Project object */ = {
			isa = PBXProject;
			attributes = {
				LastUpgradeCheck = 1340;
			};
			buildConfigurationList = 0291907FE87F45BAA9414DB6 /* Build configuration list for PBXProject "TutorialApp" */;
			compatibilityVersion = "Xcode 3.2";
			developmentRegion = en;
			hasScannedForEncodings = 0;
			knownRegions = (
				en,
				Base,
			);
			mainGroup = 64DDBCE56F9D43AC85EA1010;
			projectDirPath = "";
			projectRoot = "";
			targets = (
				EE9CE6BBDF3B4ECBB4C7A274 /* ALL_BUILD */,
				4659F3A1C8AA4F0D902442AF /* TutorialApp */,
				34B196548A984D30BF01E1F5 /* ZERO_CHECK */,
			);
		};
/* End PBXProject section */

/* Begin PBXShellScriptBuildPhase section */
		289154B91CD66D04E7F7B06E /* Generate CMakeFiles/ALL_BUILD */ = {
			isa = PBXShellScriptBuildPhase;
			alwaysOutOfDate = 1;
			buildActionMask = 2147483647;
			files = (
			);
			inputPaths = (
			);
			name = "Generate CMakeFiles/ALL_BUILD";
			outputPaths = (
				/Users/danm3/opengl/cmake/CMakeFiles/ALL_BUILD,
			);
			runOnlyForDeploymentPostprocessing = 0;
			shellPath = /bin/sh;
			shellScript = "set -e\nif test \"$CONFIGURATION\" = \"Debug\"; then :\n  cd /Users/danm3/opengl/cmake\n  echo Build\\ all\\ projects\nfi\nif test \"$CONFIGURATION\" = \"Release\"; then :\n  cd /Users/danm3/opengl/cmake\n  echo Build\\ all\\ projects\nfi\nif test \"$CONFIGURATION\" = \"MinSizeRel\"; then :\n  cd /Users/danm3/opengl/cmake\n  echo Build\\ all\\ projects\nfi\nif test \"$CONFIGURATION\" = \"RelWithDebInfo\"; then :\n  cd /Users/danm3/opengl/cmake\n  echo Build\\ all\\ projects\nfi\n";
			showEnvVarsInLog = 0;
		};
		DE08BF31004A88C8D4F017AB /* Generate CMakeFiles/ZERO_CHECK */ = {
			isa = PBXShellScriptBuildPhase;
			alwaysOutOfDate = 1;
			buildActionMask = 2147483647;
			files = (
			);
			inputPaths = (
			);
			name = "Generate CMakeFiles/ZERO_CHECK";
			outputPaths = (
				/Users/danm3/opengl/cmake/CMakeFiles/ZERO_CHECK,
			);
			runOnlyForDeploymentPostprocessing = 0;
			shellPath = /bin/sh;
			shellScript = "set -e\nif test \"$CONFIGURATION\" = \"Debug\"; then :\n  cd /Users/danm3/opengl/cmake\n  make -f /Users/danm3/opengl/cmake/CMakeScripts/ReRunCMake.make\nfi\nif test \"$CONFIGURATION\" = \"Release\"; then :\n  cd /Users/danm3/opengl/cmake\n  make -f /Users/danm3/opengl/cmake/CMakeScripts/ReRunCMake.make\nfi\nif test \"$CONFIGURATION\" = \"MinSizeRel\"; then :\n  cd /Users/danm3/opengl/cmake\n  make -f /Users/danm3/opengl/cmake/CMakeScripts/ReRunCMake.make\nfi\nif test \"$CONFIGURATION\" = \"RelWithDebInfo\"; then :\n  cd /Users/danm3/opengl/cmake\n  make -f /Users/danm3/opengl/cmake/CMakeScripts/ReRunCMake.make\nfi\n";
			showEnvVarsInLog = 0;
		};
/* End PBXShellScriptBuildPhase section */

/* Begin PBXSourcesBuildPhase section */
		84BB906FE6104310B9E0BF0B /* Sources */ = {
			isa = PBXSourcesBuildPhase;
			buildActionMask = 2147483647;
			files = (
				9D3EF7BBE2F04A06A3680ADD /* main.cpp in Sources */,
				E0EE6B432874862C00E7E1BF /* VertexLayout.cpp in Sources */,
				E0EE6B452874863500E7E1BF /* Application.cpp in Sources */,
			);
			runOnlyForDeploymentPostprocessing = 0;
		};
/* End PBXSourcesBuildPhase section */

/* Begin PBXTargetDependency section */
		80FBDD920E284BCC920658C5 /* PBXTargetDependency */ = {
			isa = PBXTargetDependency;
			target = 34B196548A984D30BF01E1F5 /* ZERO_CHECK */;
			targetProxy = 0164C0494D5B4052BE03AF03 /* PBXContainerItemProxy */;
		};
		EFAEDE61BAE049158CEF0E1B /* PBXTargetDependency */ = {
			isa = PBXTargetDependency;
			target = 4659F3A1C8AA4F0D902442AF /* TutorialApp */;
			targetProxy = 3E008A28AAD741F987D5DA93 /* PBXContainerItemProxy */;
		};
		F7C094172E754E06B90DC1D3 /* PBXTargetDependency */ = {
			isa = PBXTargetDependency;
			target = 34B196548A984D30BF01E1F5 /* ZERO_CHECK */;
			targetProxy = 9AEB7DD3C4444149BBB0F4A8 /* PBXContainerItemProxy */;
		};
/* End PBXTargetDependency section */

/* Begin XCBuildConfiguration section */
		10814C5CCBAD4125AC145021 /* MinSizeRel */ = {
			isa = XCBuildConfiguration;
			buildSettings = {
				COMBINE_HIDPI_IMAGES = YES;
				GCC_GENERATE_DEBUGGING_SYMBOLS = YES;
				GCC_INLINES_ARE_PRIVATE_EXTERN = NO;
				GCC_OPTIMIZATION_LEVEL = 0;
				GCC_PREPROCESSOR_DEFINITIONS = (
					"'CMAKE_INTDIR=\"$(CONFIGURATION)$(EFFECTIVE_PLATFORM_NAME)\"'",
					"$(inherited)",
				);
				GCC_SYMBOLS_PRIVATE_EXTERN = NO;
				INSTALL_PATH = "";
				OTHER_LDFLAGS = " $(inherited)";
				OTHER_REZFLAGS = "";
				PRODUCT_NAME = ZERO_CHECK;
				SECTORDER_FLAGS = "";
				SYMROOT = /Users/danm3/opengl/cmake;
				USE_HEADERMAP = NO;
				WARNING_CFLAGS = "$(inherited)";
			};
			name = MinSizeRel;
		};
		3BED1A687AD248E082523E8B /* RelWithDebInfo */ = {
			isa = XCBuildConfiguration;
			buildSettings = {
				COMBINE_HIDPI_IMAGES = YES;
				EXECUTABLE_PREFIX = "";
				EXECUTABLE_SUFFIX = "";
				GCC_GENERATE_DEBUGGING_SYMBOLS = YES;
				GCC_INLINES_ARE_PRIVATE_EXTERN = NO;
				GCC_OPTIMIZATION_LEVEL = 2;
				GCC_PREPROCESSOR_DEFINITIONS = (
					"'CMAKE_INTDIR=\"$(CONFIGURATION)$(EFFECTIVE_PLATFORM_NAME)\"'",
					"$(inherited)",
				);
				GCC_SYMBOLS_PRIVATE_EXTERN = NO;
				HEADER_SEARCH_PATHS = (
					/usr/local/Cellar/glfw/3.3.7/include,
					"$(inherited)",
				);
				INSTALL_PATH = "";
				LD_RUNPATH_SEARCH_PATHS = (
					/usr/local/Cellar/glfw/3.3.7/lib,
					"$(inherited)",
				);
				LIBRARY_SEARCH_PATHS = (
					"/usr/local/Cellar/glfw/3.3.7/lib/$(CONFIGURATION)$(EFFECTIVE_PLATFORM_NAME)",
					/usr/local/Cellar/glfw/3.3.7/lib,
					"$(inherited)",
				);
				OTHER_CPLUSPLUSFLAGS = "       -DNDEBUG ";
				OTHER_LDFLAGS = (
					"-Wl,-search_paths_first",
					"-Wl,-headerpad_max_install_names",
					"-lglfw",
					"-framework",
					OpenGL,
					"-framework",
					OpenGL,
					"-framework",
					OpenGL,
					"$(inherited)",
				);
				OTHER_REZFLAGS = "";
				PRODUCT_NAME = TutorialApp;
				SECTORDER_FLAGS = "";
				SYMROOT = /Users/danm3/opengl/cmake;
				USE_HEADERMAP = NO;
				WARNING_CFLAGS = "$(inherited)";
			};
			name = RelWithDebInfo;
		};
		418AFEFF6E984BF592542B60 /* RelWithDebInfo */ = {
			isa = XCBuildConfiguration;
			buildSettings = {
				COMBINE_HIDPI_IMAGES = YES;
				GCC_GENERATE_DEBUGGING_SYMBOLS = YES;
				GCC_INLINES_ARE_PRIVATE_EXTERN = NO;
				GCC_OPTIMIZATION_LEVEL = 0;
				GCC_PREPROCESSOR_DEFINITIONS = (
					"'CMAKE_INTDIR=\"$(CONFIGURATION)$(EFFECTIVE_PLATFORM_NAME)\"'",
					"$(inherited)",
				);
				GCC_SYMBOLS_PRIVATE_EXTERN = NO;
				INSTALL_PATH = "";
				OTHER_LDFLAGS = " $(inherited)";
				OTHER_REZFLAGS = "";
				PRODUCT_NAME = ALL_BUILD;
				SECTORDER_FLAGS = "";
				SYMROOT = /Users/danm3/opengl/cmake;
				USE_HEADERMAP = NO;
				WARNING_CFLAGS = "$(inherited)";
			};
			name = RelWithDebInfo;
		};
		4F66012EE98A49AAB5366A19 /* Release */ = {
			isa = XCBuildConfiguration;
			buildSettings = {
				ARCHS = "$(NATIVE_ARCH_ACTUAL)";
				ONLY_ACTIVE_ARCH = YES;
				SDKROOT = /Applications/Xcode.app/Contents/Developer/Platforms/MacOSX.platform/Developer/SDKs/MacOSX12.3.sdk;
				SYMROOT = /Users/danm3/opengl/cmake/build;
			};
			name = Release;
		};
		54A1CF6188AF43E29185BA14 /* Release */ = {
			isa = XCBuildConfiguration;
			buildSettings = {
				COMBINE_HIDPI_IMAGES = YES;
				EXECUTABLE_PREFIX = "";
				EXECUTABLE_SUFFIX = "";
				GCC_GENERATE_DEBUGGING_SYMBOLS = NO;
				GCC_INLINES_ARE_PRIVATE_EXTERN = NO;
				GCC_OPTIMIZATION_LEVEL = 3;
				GCC_PREPROCESSOR_DEFINITIONS = (
					"'CMAKE_INTDIR=\"$(CONFIGURATION)$(EFFECTIVE_PLATFORM_NAME)\"'",
					"$(inherited)",
				);
				GCC_SYMBOLS_PRIVATE_EXTERN = NO;
				HEADER_SEARCH_PATHS = (
					/usr/local/Cellar/glfw/3.3.7/include,
					"$(inherited)",
				);
				INSTALL_PATH = "";
				LD_RUNPATH_SEARCH_PATHS = (
					/usr/local/Cellar/glfw/3.3.7/lib,
					"$(inherited)",
				);
				LIBRARY_SEARCH_PATHS = (
					"/usr/local/Cellar/glfw/3.3.7/lib/$(CONFIGURATION)$(EFFECTIVE_PLATFORM_NAME)",
					/usr/local/Cellar/glfw/3.3.7/lib,
					"$(inherited)",
				);
				OTHER_CPLUSPLUSFLAGS = "    -DNDEBUG ";
				OTHER_LDFLAGS = (
					"-Wl,-search_paths_first",
					"-Wl,-headerpad_max_install_names",
					"-lglfw",
					"-framework",
					OpenGL,
					"-framework",
					OpenGL,
					"-framework",
					OpenGL,
					"$(inherited)",
				);
				OTHER_REZFLAGS = "";
				PRODUCT_NAME = TutorialApp;
				SECTORDER_FLAGS = "";
				SYMROOT = /Users/danm3/opengl/cmake;
				USE_HEADERMAP = NO;
				WARNING_CFLAGS = "$(inherited)";
			};
			name = Release;
		};
		692B4B30E3EB4F238C08983C /* RelWithDebInfo */ = {
			isa = XCBuildConfiguration;
			buildSettings = {
				COMBINE_HIDPI_IMAGES = YES;
				GCC_GENERATE_DEBUGGING_SYMBOLS = YES;
				GCC_INLINES_ARE_PRIVATE_EXTERN = NO;
				GCC_OPTIMIZATION_LEVEL = 0;
				GCC_PREPROCESSOR_DEFINITIONS = (
					"'CMAKE_INTDIR=\"$(CONFIGURATION)$(EFFECTIVE_PLATFORM_NAME)\"'",
					"$(inherited)",
				);
				GCC_SYMBOLS_PRIVATE_EXTERN = NO;
				INSTALL_PATH = "";
				OTHER_LDFLAGS = " $(inherited)";
				OTHER_REZFLAGS = "";
				PRODUCT_NAME = ZERO_CHECK;
				SECTORDER_FLAGS = "";
				SYMROOT = /Users/danm3/opengl/cmake;
				USE_HEADERMAP = NO;
				WARNING_CFLAGS = "$(inherited)";
			};
			name = RelWithDebInfo;
		};
		6CC999DD03ED42D1AC73BD85 /* Debug */ = {
			isa = XCBuildConfiguration;
			buildSettings = {
				COMBINE_HIDPI_IMAGES = YES;
				GCC_GENERATE_DEBUGGING_SYMBOLS = YES;
				GCC_INLINES_ARE_PRIVATE_EXTERN = NO;
				GCC_OPTIMIZATION_LEVEL = 0;
				GCC_PREPROCESSOR_DEFINITIONS = (
					"'CMAKE_INTDIR=\"$(CONFIGURATION)$(EFFECTIVE_PLATFORM_NAME)\"'",
					"$(inherited)",
				);
				GCC_SYMBOLS_PRIVATE_EXTERN = NO;
				INSTALL_PATH = "";
				OTHER_LDFLAGS = " $(inherited)";
				OTHER_REZFLAGS = "";
				PRODUCT_NAME = ALL_BUILD;
				SECTORDER_FLAGS = "";
				SYMROOT = /Users/danm3/opengl/cmake;
				USE_HEADERMAP = NO;
				WARNING_CFLAGS = "$(inherited)";
			};
			name = Debug;
		};
		7EAB5E6F46A443988E4806D1 /* MinSizeRel */ = {
			isa = XCBuildConfiguration;
			buildSettings = {
				ARCHS = "$(NATIVE_ARCH_ACTUAL)";
				ONLY_ACTIVE_ARCH = YES;
				SDKROOT = /Applications/Xcode.app/Contents/Developer/Platforms/MacOSX.platform/Developer/SDKs/MacOSX12.3.sdk;
				SYMROOT = /Users/danm3/opengl/cmake/build;
			};
			name = MinSizeRel;
		};
		7F719B8DA6C44D4E8686ED07 /* Debug */ = {
			isa = XCBuildConfiguration;
			buildSettings = {
				ARCHS = "$(NATIVE_ARCH_ACTUAL)";
				ONLY_ACTIVE_ARCH = YES;
				SDKROOT = /Applications/Xcode.app/Contents/Developer/Platforms/MacOSX.platform/Developer/SDKs/MacOSX12.3.sdk;
				SYMROOT = /Users/danm3/opengl/cmake/build;
			};
			name = Debug;
		};
		819B58AF3AB345A5941D4AAB /* Debug */ = {
			isa = XCBuildConfiguration;
			buildSettings = {
				COMBINE_HIDPI_IMAGES = YES;
				EXECUTABLE_PREFIX = "";
				EXECUTABLE_SUFFIX = "";
				GCC_GENERATE_DEBUGGING_SYMBOLS = YES;
				GCC_INLINES_ARE_PRIVATE_EXTERN = NO;
				GCC_OPTIMIZATION_LEVEL = 0;
				GCC_PREPROCESSOR_DEFINITIONS = (
					"'CMAKE_INTDIR=\"$(CONFIGURATION)$(EFFECTIVE_PLATFORM_NAME)\"'",
					"$(inherited)",
				);
				GCC_SYMBOLS_PRIVATE_EXTERN = NO;
				HEADER_SEARCH_PATHS = (
					/usr/local/Cellar/glfw/3.3.7/include,
					"$(inherited)",
				);
				INSTALL_PATH = "";
				LD_RUNPATH_SEARCH_PATHS = (
					/usr/local/Cellar/glfw/3.3.7/lib,
					"$(inherited)",
				);
				LIBRARY_SEARCH_PATHS = (
					"/usr/local/Cellar/glfw/3.3.7/lib/$(CONFIGURATION)$(EFFECTIVE_PLATFORM_NAME)",
					/usr/local/Cellar/glfw/3.3.7/lib,
					"$(inherited)",
				);
				OTHER_CPLUSPLUSFLAGS = "   ";
				OTHER_LDFLAGS = (
					"-Wl,-search_paths_first",
					"-Wl,-headerpad_max_install_names",
					"-lglfw",
					"-framework",
					OpenGL,
					"-framework",
					OpenGL,
					"-framework",
					OpenGL,
					"$(inherited)",
				);
				OTHER_REZFLAGS = "";
				PRODUCT_NAME = TutorialApp;
				SECTORDER_FLAGS = "";
				SYMROOT = /Users/danm3/opengl/cmake;
				USE_HEADERMAP = NO;
				WARNING_CFLAGS = "$(inherited)";
			};
			name = Debug;
		};
		A23EA18F268D447584044A30 /* MinSizeRel */ = {
			isa = XCBuildConfiguration;
			buildSettings = {
				COMBINE_HIDPI_IMAGES = YES;
				GCC_GENERATE_DEBUGGING_SYMBOLS = YES;
				GCC_INLINES_ARE_PRIVATE_EXTERN = NO;
				GCC_OPTIMIZATION_LEVEL = 0;
				GCC_PREPROCESSOR_DEFINITIONS = (
					"'CMAKE_INTDIR=\"$(CONFIGURATION)$(EFFECTIVE_PLATFORM_NAME)\"'",
					"$(inherited)",
				);
				GCC_SYMBOLS_PRIVATE_EXTERN = NO;
				INSTALL_PATH = "";
				OTHER_LDFLAGS = " $(inherited)";
				OTHER_REZFLAGS = "";
				PRODUCT_NAME = ALL_BUILD;
				SECTORDER_FLAGS = "";
				SYMROOT = /Users/danm3/opengl/cmake;
				USE_HEADERMAP = NO;
				WARNING_CFLAGS = "$(inherited)";
			};
			name = MinSizeRel;
		};
		A8ED6F4FB09045039DEAC75D /* Release */ = {
			isa = XCBuildConfiguration;
			buildSettings = {
				COMBINE_HIDPI_IMAGES = YES;
				GCC_GENERATE_DEBUGGING_SYMBOLS = YES;
				GCC_INLINES_ARE_PRIVATE_EXTERN = NO;
				GCC_OPTIMIZATION_LEVEL = 0;
				GCC_PREPROCESSOR_DEFINITIONS = (
					"'CMAKE_INTDIR=\"$(CONFIGURATION)$(EFFECTIVE_PLATFORM_NAME)\"'",
					"$(inherited)",
				);
				GCC_SYMBOLS_PRIVATE_EXTERN = NO;
				INSTALL_PATH = "";
				OTHER_LDFLAGS = " $(inherited)";
				OTHER_REZFLAGS = "";
				PRODUCT_NAME = ZERO_CHECK;
				SECTORDER_FLAGS = "";
				SYMROOT = /Users/danm3/opengl/cmake;
				USE_HEADERMAP = NO;
				WARNING_CFLAGS = "$(inherited)";
			};
			name = Release;
		};
		D115C188925044B09E838785 /* Debug */ = {
			isa = XCBuildConfiguration;
			buildSettings = {
				COMBINE_HIDPI_IMAGES = YES;
				GCC_GENERATE_DEBUGGING_SYMBOLS = YES;
				GCC_INLINES_ARE_PRIVATE_EXTERN = NO;
				GCC_OPTIMIZATION_LEVEL = 0;
				GCC_PREPROCESSOR_DEFINITIONS = (
					"'CMAKE_INTDIR=\"$(CONFIGURATION)$(EFFECTIVE_PLATFORM_NAME)\"'",
					"$(inherited)",
				);
				GCC_SYMBOLS_PRIVATE_EXTERN = NO;
				INSTALL_PATH = "";
				OTHER_LDFLAGS = " $(inherited)";
				OTHER_REZFLAGS = "";
				PRODUCT_NAME = ZERO_CHECK;
				SECTORDER_FLAGS = "";
				SYMROOT = /Users/danm3/opengl/cmake;
				USE_HEADERMAP = NO;
				WARNING_CFLAGS = "$(inherited)";
			};
			name = Debug;
		};
		D6A6717DAA064C89AF4F451F /* Release */ = {
			isa = XCBuildConfiguration;
			buildSettings = {
				COMBINE_HIDPI_IMAGES = YES;
				GCC_GENERATE_DEBUGGING_SYMBOLS = YES;
				GCC_INLINES_ARE_PRIVATE_EXTERN = NO;
				GCC_OPTIMIZATION_LEVEL = 0;
				GCC_PREPROCESSOR_DEFINITIONS = (
					"'CMAKE_INTDIR=\"$(CONFIGURATION)$(EFFECTIVE_PLATFORM_NAME)\"'",
					"$(inherited)",
				);
				GCC_SYMBOLS_PRIVATE_EXTERN = NO;
				INSTALL_PATH = "";
				OTHER_LDFLAGS = " $(inherited)";
				OTHER_REZFLAGS = "";
				PRODUCT_NAME = ALL_BUILD;
				SECTORDER_FLAGS = "";
				SYMROOT = /Users/danm3/opengl/cmake;
				USE_HEADERMAP = NO;
				WARNING_CFLAGS = "$(inherited)";
			};
			name = Release;
		};
		DFD3D81399194731A854A7D9 /* RelWithDebInfo */ = {
			isa = XCBuildConfiguration;
			buildSettings = {
				ARCHS = "$(NATIVE_ARCH_ACTUAL)";
				ONLY_ACTIVE_ARCH = YES;
				SDKROOT = /Applications/Xcode.app/Contents/Developer/Platforms/MacOSX.platform/Developer/SDKs/MacOSX12.3.sdk;
				SYMROOT = /Users/danm3/opengl/cmake/build;
			};
			name = RelWithDebInfo;
		};
		FDF9877BFA7E4B5180EC8CF2 /* MinSizeRel */ = {
			isa = XCBuildConfiguration;
			buildSettings = {
				COMBINE_HIDPI_IMAGES = YES;
				EXECUTABLE_PREFIX = "";
				EXECUTABLE_SUFFIX = "";
				GCC_GENERATE_DEBUGGING_SYMBOLS = NO;
				GCC_INLINES_ARE_PRIVATE_EXTERN = NO;
				GCC_OPTIMIZATION_LEVEL = s;
				GCC_PREPROCESSOR_DEFINITIONS = (
					"'CMAKE_INTDIR=\"$(CONFIGURATION)$(EFFECTIVE_PLATFORM_NAME)\"'",
					"$(inherited)",
				);
				GCC_SYMBOLS_PRIVATE_EXTERN = NO;
				HEADER_SEARCH_PATHS = (
					/usr/local/Cellar/glfw/3.3.7/include,
					"$(inherited)",
				);
				INSTALL_PATH = "";
				LD_RUNPATH_SEARCH_PATHS = (
					/usr/local/Cellar/glfw/3.3.7/lib,
					"$(inherited)",
				);
				LIBRARY_SEARCH_PATHS = (
					"/usr/local/Cellar/glfw/3.3.7/lib/$(CONFIGURATION)$(EFFECTIVE_PLATFORM_NAME)",
					/usr/local/Cellar/glfw/3.3.7/lib,
					"$(inherited)",
				);
				OTHER_CPLUSPLUSFLAGS = "    -DNDEBUG ";
				OTHER_LDFLAGS = (
					"-Wl,-search_paths_first",
					"-Wl,-headerpad_max_install_names",
					"-lglfw",
					"-framework",
					OpenGL,
					"-framework",
					OpenGL,
					"-framework",
					OpenGL,
					"$(inherited)",
				);
				OTHER_REZFLAGS = "";
				PRODUCT_NAME = TutorialApp;
				SECTORDER_FLAGS = "";
				SYMROOT = /Users/danm3/opengl/cmake;
				USE_HEADERMAP = NO;
				WARNING_CFLAGS = "$(inherited)";
			};
			name = MinSizeRel;
		};
/* End XCBuildConfiguration section */

/* Begin XCConfigurationList section */
		0291907FE87F45BAA9414DB6 /* Build configuration list for PBXProject "TutorialApp" */ = {
			isa = XCConfigurationList;
			buildConfigurations = (
				7F719B8DA6C44D4E8686ED07 /* Debug */,
				4F66012EE98A49AAB5366A19 /* Release */,
				7EAB5E6F46A443988E4806D1 /* MinSizeRel */,
				DFD3D81399194731A854A7D9 /* RelWithDebInfo */,
			);
			defaultConfigurationIsVisible = 0;
			defaultConfigurationName = Debug;
		};
		1CB5DEDAC8C14A9DAF9AE2BB /* Build configuration list for PBXAggregateTarget "ZERO_CHECK" */ = {
			isa = XCConfigurationList;
			buildConfigurations = (
				D115C188925044B09E838785 /* Debug */,
				A8ED6F4FB09045039DEAC75D /* Release */,
				10814C5CCBAD4125AC145021 /* MinSizeRel */,
				692B4B30E3EB4F238C08983C /* RelWithDebInfo */,
			);
			defaultConfigurationIsVisible = 0;
			defaultConfigurationName = Debug;
		};
		DD79AA5E9B164148850F32B4 /* Build configuration list for PBXNativeTarget "TutorialApp" */ = {
			isa = XCConfigurationList;
			buildConfigurations = (
				819B58AF3AB345A5941D4AAB /* Debug */,
				54A1CF6188AF43E29185BA14 /* Release */,
				FDF9877BFA7E4B5180EC8CF2 /* MinSizeRel */,
				3BED1A687AD248E082523E8B /* RelWithDebInfo */,
			);
			defaultConfigurationIsVisible = 0;
			defaultConfigurationName = Debug;
		};
		ED5875E3F7424A22885025C4 /* Build configuration list for PBXAggregateTarget "ALL_BUILD" */ = {
			isa = XCConfigurationList;
			buildConfigurations = (
				6CC999DD03ED42D1AC73BD85 /* Debug */,
				D6A6717DAA064C89AF4F451F /* Release */,
				A23EA18F268D447584044A30 /* MinSizeRel */,
				418AFEFF6E984BF592542B60 /* RelWithDebInfo */,
			);
			defaultConfigurationIsVisible = 0;
			defaultConfigurationName = Debug;
		};
/* End XCConfigurationList section */
	};
	rootObject = 76B18F86782142B6A5C391DB /* Project object */;
}
